// !$*UTF8*$!
{
	archiveVersion = 1;
	classes = {
	};
	objectVersion = 46;
	objects = {

/* Begin PBXBuildFile section */
		1AC6FB1F180E996B004C840B /* libbox2d Mac.a in Frameworks */ = {isa = PBXBuildFile; fileRef = 1AC6FAFF180E9839004C840B /* libbox2d Mac.a */; };
		1AC6FB20180E996B004C840B /* libchipmunk Mac.a in Frameworks */ = {isa = PBXBuildFile; fileRef = 1AC6FAFD180E9839004C840B /* libchipmunk Mac.a */; };
		1AC6FB21180E996B004C840B /* libcocos2dx Mac.a in Frameworks */ = {isa = PBXBuildFile; fileRef = 1AC6FAF9180E9839004C840B /* libcocos2dx Mac.a */; };
		1AC6FB22180E996B004C840B /* libcocos2dx-extensions Mac.a in Frameworks */ = {isa = PBXBuildFile; fileRef = 1AC6FAFB180E9839004C840B /* libcocos2dx-extensions Mac.a */; };
		1AC6FB23180E996B004C840B /* libCocosDenshion Mac.a in Frameworks */ = {isa = PBXBuildFile; fileRef = 1AC6FB01180E9839004C840B /* libCocosDenshion Mac.a */; };
		1AC6FB2E180E99EB004C840B /* libbox2d iOS.a in Frameworks */ = {isa = PBXBuildFile; fileRef = 1AC6FB0D180E9839004C840B /* libbox2d iOS.a */; };
		1AC6FB2F180E99EB004C840B /* libchipmunk iOS.a in Frameworks */ = {isa = PBXBuildFile; fileRef = 1AC6FB0B180E9839004C840B /* libchipmunk iOS.a */; };
		1AC6FB30180E99EB004C840B /* libcocos2dx iOS.a in Frameworks */ = {isa = PBXBuildFile; fileRef = 1AC6FB07180E9839004C840B /* libcocos2dx iOS.a */; };
		1AC6FB31180E99EB004C840B /* libcocos2dx-extensions iOS.a in Frameworks */ = {isa = PBXBuildFile; fileRef = 1AC6FB09180E9839004C840B /* libcocos2dx-extensions iOS.a */; };
		1AC6FB32180E99EB004C840B /* libCocosDenshion iOS.a in Frameworks */ = {isa = PBXBuildFile; fileRef = 1AC6FB0F180E9839004C840B /* libCocosDenshion iOS.a */; };
		1AFAF8B716D35DE700DB1158 /* AppDelegate.cpp in Sources */ = {isa = PBXBuildFile; fileRef = 1AFAF8B316D35DE700DB1158 /* AppDelegate.cpp */; };
		1AFAF8B816D35DE700DB1158 /* HelloWorldScene.cpp in Sources */ = {isa = PBXBuildFile; fileRef = 1AFAF8B516D35DE700DB1158 /* HelloWorldScene.cpp */; };
		1AFAF8BC16D35E4900DB1158 /* CloseNormal.png in Resources */ = {isa = PBXBuildFile; fileRef = 1AFAF8B916D35E4900DB1158 /* CloseNormal.png */; };
		1AFAF8BD16D35E4900DB1158 /* CloseSelected.png in Resources */ = {isa = PBXBuildFile; fileRef = 1AFAF8BA16D35E4900DB1158 /* CloseSelected.png */; };
		1AFAF8BE16D35E4900DB1158 /* HelloWorld.png in Resources */ = {isa = PBXBuildFile; fileRef = 1AFAF8BB16D35E4900DB1158 /* HelloWorld.png */; };
		1D60589F0D05DD5A006BFB54 /* Foundation.framework in Frameworks */ = {isa = PBXBuildFile; fileRef = 1D30AB110D05D00D00671497 /* Foundation.framework */; };
		1DF5F4E00D08C38300B7A737 /* UIKit.framework in Frameworks */ = {isa = PBXBuildFile; fileRef = 1DF5F4DF0D08C38300B7A737 /* UIKit.framework */; };
		288765A50DF7441C002DB57D /* CoreGraphics.framework in Frameworks */ = {isa = PBXBuildFile; fileRef = 288765A40DF7441C002DB57D /* CoreGraphics.framework */; };
		503AE0F817EB97AB00D1A890 /* Icon.icns in Resources */ = {isa = PBXBuildFile; fileRef = 503AE0F617EB97AB00D1A890 /* Icon.icns */; };
		503AE10017EB989F00D1A890 /* AppController.mm in Sources */ = {isa = PBXBuildFile; fileRef = 503AE0FB17EB989F00D1A890 /* AppController.mm */; };
		503AE10117EB989F00D1A890 /* main.m in Sources */ = {isa = PBXBuildFile; fileRef = 503AE0FC17EB989F00D1A890 /* main.m */; };
		503AE10217EB989F00D1A890 /* RootViewController.mm in Sources */ = {isa = PBXBuildFile; fileRef = 503AE0FF17EB989F00D1A890 /* RootViewController.mm */; };
		503AE10517EB98FF00D1A890 /* main.cpp in Sources */ = {isa = PBXBuildFile; fileRef = 503AE10317EB98FF00D1A890 /* main.cpp */; };
		503AE11217EB99EE00D1A890 /* libcurl.dylib in Frameworks */ = {isa = PBXBuildFile; fileRef = 503AE11117EB99EE00D1A890 /* libcurl.dylib */; };
		503AE11B17EB9C5A00D1A890 /* IOKit.framework in Frameworks */ = {isa = PBXBuildFile; fileRef = 503AE11A17EB9C5A00D1A890 /* IOKit.framework */; };
		5087E75317EB910900C73F5D /* CloseNormal.png in Resources */ = {isa = PBXBuildFile; fileRef = 1AFAF8B916D35E4900DB1158 /* CloseNormal.png */; };
		5087E75417EB910900C73F5D /* CloseSelected.png in Resources */ = {isa = PBXBuildFile; fileRef = 1AFAF8BA16D35E4900DB1158 /* CloseSelected.png */; };
		5087E75517EB910900C73F5D /* HelloWorld.png in Resources */ = {isa = PBXBuildFile; fileRef = 1AFAF8BB16D35E4900DB1158 /* HelloWorld.png */; };
		5087E75717EB910900C73F5D /* AppDelegate.cpp in Sources */ = {isa = PBXBuildFile; fileRef = 1AFAF8B316D35DE700DB1158 /* AppDelegate.cpp */; };
		5087E75817EB910900C73F5D /* HelloWorldScene.cpp in Sources */ = {isa = PBXBuildFile; fileRef = 1AFAF8B516D35DE700DB1158 /* HelloWorldScene.cpp */; };
		5087E76317EB910900C73F5D /* Foundation.framework in Frameworks */ = {isa = PBXBuildFile; fileRef = 1D30AB110D05D00D00671497 /* Foundation.framework */; };
		5087E76517EB910900C73F5D /* CoreGraphics.framework in Frameworks */ = {isa = PBXBuildFile; fileRef = 288765A40DF7441C002DB57D /* CoreGraphics.framework */; };
		5087E76717EB910900C73F5D /* libz.dylib in Frameworks */ = {isa = PBXBuildFile; fileRef = BF170DB412928DE900B8313A /* libz.dylib */; };
		5087E76817EB910900C73F5D /* QuartzCore.framework in Frameworks */ = {isa = PBXBuildFile; fileRef = BF1C47EA1293683800B63C5D /* QuartzCore.framework */; };
		5087E76917EB910900C73F5D /* OpenAL.framework in Frameworks */ = {isa = PBXBuildFile; fileRef = D44C620B132DFF330009C878 /* OpenAL.framework */; };
		5087E76A17EB910900C73F5D /* AVFoundation.framework in Frameworks */ = {isa = PBXBuildFile; fileRef = D44C620D132DFF430009C878 /* AVFoundation.framework */; };
		5087E76B17EB910900C73F5D /* AudioToolbox.framework in Frameworks */ = {isa = PBXBuildFile; fileRef = D44C620F132DFF4E0009C878 /* AudioToolbox.framework */; };
		5087E77D17EB970100C73F5D /* Default-568h@2x.png in Resources */ = {isa = PBXBuildFile; fileRef = 5087E77217EB970100C73F5D /* Default-568h@2x.png */; };
		5087E77E17EB970100C73F5D /* Default.png in Resources */ = {isa = PBXBuildFile; fileRef = 5087E77317EB970100C73F5D /* Default.png */; };
		5087E77F17EB970100C73F5D /* Default@2x.png in Resources */ = {isa = PBXBuildFile; fileRef = 5087E77417EB970100C73F5D /* Default@2x.png */; };
		5087E78017EB970100C73F5D /* Icon-114.png in Resources */ = {isa = PBXBuildFile; fileRef = 5087E77517EB970100C73F5D /* Icon-114.png */; };
		5087E78117EB970100C73F5D /* Icon-120.png in Resources */ = {isa = PBXBuildFile; fileRef = 5087E77617EB970100C73F5D /* Icon-120.png */; };
		5087E78217EB970100C73F5D /* Icon-144.png in Resources */ = {isa = PBXBuildFile; fileRef = 5087E77717EB970100C73F5D /* Icon-144.png */; };
		5087E78317EB970100C73F5D /* Icon-152.png in Resources */ = {isa = PBXBuildFile; fileRef = 5087E77817EB970100C73F5D /* Icon-152.png */; };
		5087E78417EB970100C73F5D /* Icon-57.png in Resources */ = {isa = PBXBuildFile; fileRef = 5087E77917EB970100C73F5D /* Icon-57.png */; };
		5087E78517EB970100C73F5D /* Icon-72.png in Resources */ = {isa = PBXBuildFile; fileRef = 5087E77A17EB970100C73F5D /* Icon-72.png */; };
		5087E78617EB970100C73F5D /* Icon-76.png in Resources */ = {isa = PBXBuildFile; fileRef = 5087E77B17EB970100C73F5D /* Icon-76.png */; };
		5087E78917EB974C00C73F5D /* AppKit.framework in Frameworks */ = {isa = PBXBuildFile; fileRef = 5087E78817EB974C00C73F5D /* AppKit.framework */; };
		5087E78B17EB975400C73F5D /* OpenGL.framework in Frameworks */ = {isa = PBXBuildFile; fileRef = 5087E78A17EB975400C73F5D /* OpenGL.framework */; };
		50EF629617ECD46A001EB2F8 /* Icon-40.png in Resources */ = {isa = PBXBuildFile; fileRef = 50EF629217ECD46A001EB2F8 /* Icon-40.png */; };
		50EF629717ECD46A001EB2F8 /* Icon-58.png in Resources */ = {isa = PBXBuildFile; fileRef = 50EF629317ECD46A001EB2F8 /* Icon-58.png */; };
		50EF629817ECD46A001EB2F8 /* Icon-80.png in Resources */ = {isa = PBXBuildFile; fileRef = 50EF629417ECD46A001EB2F8 /* Icon-80.png */; };
		50EF629917ECD46A001EB2F8 /* Icon-100.png in Resources */ = {isa = PBXBuildFile; fileRef = 50EF629517ECD46A001EB2F8 /* Icon-100.png */; };
		50EF62A217ECD613001EB2F8 /* Icon-29.png in Resources */ = {isa = PBXBuildFile; fileRef = 50EF62A017ECD613001EB2F8 /* Icon-29.png */; };
		50EF62A317ECD613001EB2F8 /* Icon-50.png in Resources */ = {isa = PBXBuildFile; fileRef = 50EF62A117ECD613001EB2F8 /* Icon-50.png */; };
		BF171245129291EC00B8313A /* OpenGLES.framework in Frameworks */ = {isa = PBXBuildFile; fileRef = BF170DB012928DE900B8313A /* OpenGLES.framework */; };
		BF1712471292920000B8313A /* libz.dylib in Frameworks */ = {isa = PBXBuildFile; fileRef = BF170DB412928DE900B8313A /* libz.dylib */; };
		BF1C47F01293687400B63C5D /* QuartzCore.framework in Frameworks */ = {isa = PBXBuildFile; fileRef = BF1C47EA1293683800B63C5D /* QuartzCore.framework */; };
		D44C620C132DFF330009C878 /* OpenAL.framework in Frameworks */ = {isa = PBXBuildFile; fileRef = D44C620B132DFF330009C878 /* OpenAL.framework */; };
		D44C620E132DFF430009C878 /* AVFoundation.framework in Frameworks */ = {isa = PBXBuildFile; fileRef = D44C620D132DFF430009C878 /* AVFoundation.framework */; };
		D44C6210132DFF4E0009C878 /* AudioToolbox.framework in Frameworks */ = {isa = PBXBuildFile; fileRef = D44C620F132DFF4E0009C878 /* AudioToolbox.framework */; };
		D6B0611B1803AB670077942B /* CoreMotion.framework in Frameworks */ = {isa = PBXBuildFile; fileRef = D6B0611A1803AB670077942B /* CoreMotion.framework */; };
		FA3B1D9F194DB0AF004675DE /* OverUi_1 in Resources */ = {isa = PBXBuildFile; fileRef = FA3B1D9E194DB0AF004675DE /* OverUi_1 */; };
		FA3B1DA0194DB0AF004675DE /* OverUi_1 in Resources */ = {isa = PBXBuildFile; fileRef = FA3B1D9E194DB0AF004675DE /* OverUi_1 */; };
		FA9B6217194A0C500014F2D2 /* p2tankU.png in Resources */ = {isa = PBXBuildFile; fileRef = FA9B6216194A0C500014F2D2 /* p2tankU.png */; };
		FA9B6218194A0C500014F2D2 /* p2tankU.png in Resources */ = {isa = PBXBuildFile; fileRef = FA9B6216194A0C500014F2D2 /* p2tankU.png */; };
		FA9B621C194A0CF60014F2D2 /* p2tankR.png in Resources */ = {isa = PBXBuildFile; fileRef = FA9B621B194A0CF60014F2D2 /* p2tankR.png */; };
		FA9B621D194A0CF60014F2D2 /* p2tankR.png in Resources */ = {isa = PBXBuildFile; fileRef = FA9B621B194A0CF60014F2D2 /* p2tankR.png */; };
		FA9B621F194A0F170014F2D2 /* blast7.png in Resources */ = {isa = PBXBuildFile; fileRef = FA9B621E194A0F170014F2D2 /* blast7.png */; };
		FA9B6220194A0F170014F2D2 /* blast7.png in Resources */ = {isa = PBXBuildFile; fileRef = FA9B621E194A0F170014F2D2 /* blast7.png */; };
		FA9B6225194AC2750014F2D2 /* loginbg.png in Resources */ = {isa = PBXBuildFile; fileRef = FA9B6224194AC2750014F2D2 /* loginbg.png */; };
		FA9B6226194AC2750014F2D2 /* loginbg.png in Resources */ = {isa = PBXBuildFile; fileRef = FA9B6224194AC2750014F2D2 /* loginbg.png */; };
		FA9B6228194B1E4C0014F2D2 /* login_dbg.png in Resources */ = {isa = PBXBuildFile; fileRef = FA9B6227194B1E4C0014F2D2 /* login_dbg.png */; };
		FA9B6229194B1E4C0014F2D2 /* login_dbg.png in Resources */ = {isa = PBXBuildFile; fileRef = FA9B6227194B1E4C0014F2D2 /* login_dbg.png */; };
		FA9B622B194B40160014F2D2 /* win.png in Resources */ = {isa = PBXBuildFile; fileRef = FA9B622A194B40160014F2D2 /* win.png */; };
		FA9B622C194B40160014F2D2 /* win.png in Resources */ = {isa = PBXBuildFile; fileRef = FA9B622A194B40160014F2D2 /* win.png */; };
		FAAD0512193732990008CD73 /* StartScene.cpp in Sources */ = {isa = PBXBuildFile; fileRef = FAAD0510193732990008CD73 /* StartScene.cpp */; };
		FAAD0513193732990008CD73 /* StartScene.cpp in Sources */ = {isa = PBXBuildFile; fileRef = FAAD0510193732990008CD73 /* StartScene.cpp */; };
		FADF807419386B95007FE3ED /* Wave.cpp in Sources */ = {isa = PBXBuildFile; fileRef = FADF807319386B95007FE3ED /* Wave.cpp */; };
		FADF807519386B95007FE3ED /* Wave.cpp in Sources */ = {isa = PBXBuildFile; fileRef = FADF807319386B95007FE3ED /* Wave.cpp */; };
		FADF807C19386C04007FE3ED /* Creep.cpp in Sources */ = {isa = PBXBuildFile; fileRef = FADF807B19386C04007FE3ED /* Creep.cpp */; };
		FADF807D19386C04007FE3ED /* Creep.cpp in Sources */ = {isa = PBXBuildFile; fileRef = FADF807B19386C04007FE3ED /* Creep.cpp */; };
		FADF808019386C57007FE3ED /* DataModel.cpp in Sources */ = {isa = PBXBuildFile; fileRef = FADF807F19386C57007FE3ED /* DataModel.cpp */; };
		FADF808119386C57007FE3ED /* DataModel.cpp in Sources */ = {isa = PBXBuildFile; fileRef = FADF807F19386C57007FE3ED /* DataModel.cpp */; };
		FADF808419386C85007FE3ED /* GameHud.cpp in Sources */ = {isa = PBXBuildFile; fileRef = FADF808319386C85007FE3ED /* GameHud.cpp */; };
		FADF808519386C85007FE3ED /* GameHud.cpp in Sources */ = {isa = PBXBuildFile; fileRef = FADF808319386C85007FE3ED /* GameHud.cpp */; };
		FADF808819386C9F007FE3ED /* Projectile.cpp in Sources */ = {isa = PBXBuildFile; fileRef = FADF808719386C9F007FE3ED /* Projectile.cpp */; };
		FADF808919386C9F007FE3ED /* Projectile.cpp in Sources */ = {isa = PBXBuildFile; fileRef = FADF808719386C9F007FE3ED /* Projectile.cpp */; };
		FADF809019386CF3007FE3ED /* Tower.cpp in Sources */ = {isa = PBXBuildFile; fileRef = FADF808F19386CF3007FE3ED /* Tower.cpp */; };
		FADF809119386CF3007FE3ED /* Tower.cpp in Sources */ = {isa = PBXBuildFile; fileRef = FADF808F19386CF3007FE3ED /* Tower.cpp */; };
		FADF8097193870C9007FE3ED /* WayPoint.cpp in Sources */ = {isa = PBXBuildFile; fileRef = FADF8096193870C9007FE3ED /* WayPoint.cpp */; };
		FADF8098193870C9007FE3ED /* WayPoint.cpp in Sources */ = {isa = PBXBuildFile; fileRef = FADF8096193870C9007FE3ED /* WayPoint.cpp */; };
		FADF8192193CE645007FE3ED /* Home.cpp in Sources */ = {isa = PBXBuildFile; fileRef = FADF8190193CE645007FE3ED /* Home.cpp */; };
		FADF8193193CE645007FE3ED /* Home.cpp in Sources */ = {isa = PBXBuildFile; fileRef = FADF8190193CE645007FE3ED /* Home.cpp */; };
		FAEFBD141951616400B7CB2D /* bullet3.png in Resources */ = {isa = PBXBuildFile; fileRef = FAEFBD131951616400B7CB2D /* bullet3.png */; };
		FAEFBD151951616400B7CB2D /* bullet3.png in Resources */ = {isa = PBXBuildFile; fileRef = FAEFBD131951616400B7CB2D /* bullet3.png */; };
		FAEFBD17195161BA00B7CB2D /* bullet2.png in Resources */ = {isa = PBXBuildFile; fileRef = FAEFBD16195161BA00B7CB2D /* bullet2.png */; };
		FAEFBD18195161BA00B7CB2D /* bullet2.png in Resources */ = {isa = PBXBuildFile; fileRef = FAEFBD16195161BA00B7CB2D /* bullet2.png */; };
		FAEFBD1D1951631800B7CB2D /* bullet4.png in Resources */ = {isa = PBXBuildFile; fileRef = FAEFBD1C1951631800B7CB2D /* bullet4.png */; };
		FAEFBD1E1951631800B7CB2D /* bullet4.png in Resources */ = {isa = PBXBuildFile; fileRef = FAEFBD1C1951631800B7CB2D /* bullet4.png */; };
		FAEFBD201951675B00B7CB2D /* PlayUi_1.json in Resources */ = {isa = PBXBuildFile; fileRef = FAEFBD1F1951675B00B7CB2D /* PlayUi_1.json */; };
		FAEFBD211951675B00B7CB2D /* PlayUi_1.json in Resources */ = {isa = PBXBuildFile; fileRef = FAEFBD1F1951675B00B7CB2D /* PlayUi_1.json */; };
		FAEFBD3219516F8300B7CB2D /* StartUi_1 in Resources */ = {isa = PBXBuildFile; fileRef = FAEFBD3119516F8300B7CB2D /* StartUi_1 */; };
		FAEFBD3319516F8300B7CB2D /* StartUi_1 in Resources */ = {isa = PBXBuildFile; fileRef = FAEFBD3119516F8300B7CB2D /* StartUi_1 */; };
		FAEFBD3E1951778D00B7CB2D /* p1tankD31.png in Resources */ = {isa = PBXBuildFile; fileRef = FAEFBD3D1951778D00B7CB2D /* p1tankD31.png */; };
		FAEFBD3F1951778D00B7CB2D /* p1tankD31.png in Resources */ = {isa = PBXBuildFile; fileRef = FAEFBD3D1951778D00B7CB2D /* p1tankD31.png */; };
		FAEFBD411951779700B7CB2D /* p1tankD32.png in Resources */ = {isa = PBXBuildFile; fileRef = FAEFBD401951779700B7CB2D /* p1tankD32.png */; };
		FAEFBD421951779700B7CB2D /* p1tankD32.png in Resources */ = {isa = PBXBuildFile; fileRef = FAEFBD401951779700B7CB2D /* p1tankD32.png */; };
		FAEFBD4419517D6800B7CB2D /* p1tankD41.png in Resources */ = {isa = PBXBuildFile; fileRef = FAEFBD4319517D6800B7CB2D /* p1tankD41.png */; };
		FAEFBD4519517D6800B7CB2D /* p1tankD41.png in Resources */ = {isa = PBXBuildFile; fileRef = FAEFBD4319517D6800B7CB2D /* p1tankD41.png */; };
		FAEFBD4719517D6E00B7CB2D /* p1tankD42.png in Resources */ = {isa = PBXBuildFile; fileRef = FAEFBD4619517D6E00B7CB2D /* p1tankD42.png */; };
		FAEFBD4819517D6E00B7CB2D /* p1tankD42.png in Resources */ = {isa = PBXBuildFile; fileRef = FAEFBD4619517D6E00B7CB2D /* p1tankD42.png */; };
		FAEFBD9B19519B4B00B7CB2D /* destroy.png in Resources */ = {isa = PBXBuildFile; fileRef = FAEFBD9A19519B4B00B7CB2D /* destroy.png */; };
		FAEFBD9C19519B4B00B7CB2D /* destroy.png in Resources */ = {isa = PBXBuildFile; fileRef = FAEFBD9A19519B4B00B7CB2D /* destroy.png */; };
		FAEFBD9E19519B6200B7CB2D /* symbol.png in Resources */ = {isa = PBXBuildFile; fileRef = FAEFBD9D19519B6200B7CB2D /* symbol.png */; };
		FAEFBD9F19519B6200B7CB2D /* symbol.png in Resources */ = {isa = PBXBuildFile; fileRef = FAEFBD9D19519B6200B7CB2D /* symbol.png */; };
		FAEFBDA119519B6F00B7CB2D /* over.png in Resources */ = {isa = PBXBuildFile; fileRef = FAEFBDA019519B6F00B7CB2D /* over.png */; };
		FAEFBDA219519B6F00B7CB2D /* over.png in Resources */ = {isa = PBXBuildFile; fileRef = FAEFBDA019519B6F00B7CB2D /* over.png */; };
		FAEFBDA419519B8C00B7CB2D /* enemy1L.png in Resources */ = {isa = PBXBuildFile; fileRef = FAEFBDA319519B8C00B7CB2D /* enemy1L.png */; };
		FAEFBDA519519B8C00B7CB2D /* enemy1L.png in Resources */ = {isa = PBXBuildFile; fileRef = FAEFBDA319519B8C00B7CB2D /* enemy1L.png */; };
		FAEFBDA719519B9600B7CB2D /* enemy2L.png in Resources */ = {isa = PBXBuildFile; fileRef = FAEFBDA619519B9600B7CB2D /* enemy2L.png */; };
		FAEFBDA819519B9600B7CB2D /* enemy2L.png in Resources */ = {isa = PBXBuildFile; fileRef = FAEFBDA619519B9600B7CB2D /* enemy2L.png */; };
		FAEFBDAA19519B9D00B7CB2D /* enemy3L.png in Resources */ = {isa = PBXBuildFile; fileRef = FAEFBDA919519B9D00B7CB2D /* enemy3L.png */; };
		FAEFBDAB19519B9D00B7CB2D /* enemy3L.png in Resources */ = {isa = PBXBuildFile; fileRef = FAEFBDA919519B9D00B7CB2D /* enemy3L.png */; };
		FAEFBDD51951A0E300B7CB2D /* bullet1.png in Resources */ = {isa = PBXBuildFile; fileRef = FAEFBDD01951A0E300B7CB2D /* bullet1.png */; };
		FAEFBDD61951A0E300B7CB2D /* bullet1.png in Resources */ = {isa = PBXBuildFile; fileRef = FAEFBDD01951A0E300B7CB2D /* bullet1.png */; };
		FAEFBDD71951A0E300B7CB2D /* hud.png in Resources */ = {isa = PBXBuildFile; fileRef = FAEFBDD11951A0E300B7CB2D /* hud.png */; };
		FAEFBDD81951A0E300B7CB2D /* hud.png in Resources */ = {isa = PBXBuildFile; fileRef = FAEFBDD11951A0E300B7CB2D /* hud.png */; };
		FAEFBDD91951A0E300B7CB2D /* p1tankR.png in Resources */ = {isa = PBXBuildFile; fileRef = FAEFBDD21951A0E300B7CB2D /* p1tankR.png */; };
		FAEFBDDA1951A0E300B7CB2D /* p1tankR.png in Resources */ = {isa = PBXBuildFile; fileRef = FAEFBDD21951A0E300B7CB2D /* p1tankR.png */; };
		FAEFBDDB1951A0E300B7CB2D /* p1tankU.png in Resources */ = {isa = PBXBuildFile; fileRef = FAEFBDD31951A0E300B7CB2D /* p1tankU.png */; };
		FAEFBDDC1951A0E300B7CB2D /* p1tankU.png in Resources */ = {isa = PBXBuildFile; fileRef = FAEFBDD31951A0E300B7CB2D /* p1tankU.png */; };
		FAEFBDDD1951A0E300B7CB2D /* Range.png in Resources */ = {isa = PBXBuildFile; fileRef = FAEFBDD41951A0E300B7CB2D /* Range.png */; };
		FAEFBDDE1951A0E300B7CB2D /* Range.png in Resources */ = {isa = PBXBuildFile; fileRef = FAEFBDD41951A0E300B7CB2D /* Range.png */; };
		FAEFBDE01951A14E00B7CB2D /* 01.tmx in Resources */ = {isa = PBXBuildFile; fileRef = FAEFBDDF1951A14E00B7CB2D /* 01.tmx */; };
		FAEFBDE11951A14E00B7CB2D /* 01.tmx in Resources */ = {isa = PBXBuildFile; fileRef = FAEFBDDF1951A14E00B7CB2D /* 01.tmx */; };
		FAEFBDE31951A1F300B7CB2D /* fire.wav in Resources */ = {isa = PBXBuildFile; fileRef = FAEFBDE21951A1F300B7CB2D /* fire.wav */; };
		FAEFBDE41951A1F300B7CB2D /* fire.wav in Resources */ = {isa = PBXBuildFile; fileRef = FAEFBDE21951A1F300B7CB2D /* fire.wav */; };
		FAEFBDE61951A1F900B7CB2D /* hit.wav in Resources */ = {isa = PBXBuildFile; fileRef = FAEFBDE51951A1F900B7CB2D /* hit.wav */; };
		FAEFBDE71951A1F900B7CB2D /* hit.wav in Resources */ = {isa = PBXBuildFile; fileRef = FAEFBDE51951A1F900B7CB2D /* hit.wav */; };
		FAEFBDE91951A20300B7CB2D /* start.wav in Resources */ = {isa = PBXBuildFile; fileRef = FAEFBDE81951A20300B7CB2D /* start.wav */; };
		FAEFBDEA1951A20300B7CB2D /* start.wav in Resources */ = {isa = PBXBuildFile; fileRef = FAEFBDE81951A20300B7CB2D /* start.wav */; };
		FAEFBDEC1951A21000B7CB2D /* blast.wav in Resources */ = {isa = PBXBuildFile; fileRef = FAEFBDEB1951A21000B7CB2D /* blast.wav */; };
		FAEFBDED1951A21000B7CB2D /* blast.wav in Resources */ = {isa = PBXBuildFile; fileRef = FAEFBDEB1951A21000B7CB2D /* blast.wav */; };
		FAEFBDF51951C6FB00B7CB2D /* enemy2R.png in Resources */ = {isa = PBXBuildFile; fileRef = FAEFBDF41951C6FB00B7CB2D /* enemy2R.png */; };
		FAEFBDF61951C6FB00B7CB2D /* enemy2R.png in Resources */ = {isa = PBXBuildFile; fileRef = FAEFBDF41951C6FB00B7CB2D /* enemy2R.png */; };
		FAEFBDF81951C75700B7CB2D /* enemy3R.png in Resources */ = {isa = PBXBuildFile; fileRef = FAEFBDF71951C75700B7CB2D /* enemy3R.png */; };
		FAEFBDF91951C75700B7CB2D /* enemy3R.png in Resources */ = {isa = PBXBuildFile; fileRef = FAEFBDF71951C75700B7CB2D /* enemy3R.png */; };
		FAEFBDFB1951C78F00B7CB2D /* enemy1R.png in Resources */ = {isa = PBXBuildFile; fileRef = FAEFBDFA1951C78F00B7CB2D /* enemy1R.png */; };
		FAEFBDFC1951C78F00B7CB2D /* enemy1R.png in Resources */ = {isa = PBXBuildFile; fileRef = FAEFBDFA1951C78F00B7CB2D /* enemy1R.png */; };
		FAEFBDFF1951C8EE00B7CB2D /* SecondScene.cpp in Sources */ = {isa = PBXBuildFile; fileRef = FAEFBDFD1951C8EE00B7CB2D /* SecondScene.cpp */; };
		FAEFBE001951C8EE00B7CB2D /* SecondScene.cpp in Sources */ = {isa = PBXBuildFile; fileRef = FAEFBDFD1951C8EE00B7CB2D /* SecondScene.cpp */; };
		FAEFBE0E19528AB600B7CB2D /* 02.tmx in Resources */ = {isa = PBXBuildFile; fileRef = FAEFBE0D19528AB600B7CB2D /* 02.tmx */; };
		FAEFBE0F19528AB600B7CB2D /* 02.tmx in Resources */ = {isa = PBXBuildFile; fileRef = FAEFBE0D19528AB600B7CB2D /* 02.tmx */; };
		FAEFBE111952A4A200B7CB2D /* 03.tmx in Resources */ = {isa = PBXBuildFile; fileRef = FAEFBE101952A4A200B7CB2D /* 03.tmx */; };
		FAEFBE121952A4A200B7CB2D /* 03.tmx in Resources */ = {isa = PBXBuildFile; fileRef = FAEFBE101952A4A200B7CB2D /* 03.tmx */; };
		FAEFBE151952A59D00B7CB2D /* ThirdScene.cpp in Sources */ = {isa = PBXBuildFile; fileRef = FAEFBE131952A59D00B7CB2D /* ThirdScene.cpp */; };
		FAEFBE161952A59D00B7CB2D /* ThirdScene.cpp in Sources */ = {isa = PBXBuildFile; fileRef = FAEFBE131952A59D00B7CB2D /* ThirdScene.cpp */; };
		FAEFBE411952BCB100B7CB2D /* 1.png in Resources */ = {isa = PBXBuildFile; fileRef = FAEFBE381952BCB100B7CB2D /* 1.png */; };
		FAEFBE421952BCB100B7CB2D /* 1.png in Resources */ = {isa = PBXBuildFile; fileRef = FAEFBE381952BCB100B7CB2D /* 1.png */; };
		FAEFBE431952BCB100B7CB2D /* 2.png in Resources */ = {isa = PBXBuildFile; fileRef = FAEFBE391952BCB100B7CB2D /* 2.png */; };
		FAEFBE441952BCB100B7CB2D /* 2.png in Resources */ = {isa = PBXBuildFile; fileRef = FAEFBE391952BCB100B7CB2D /* 2.png */; };
		FAEFBE451952BCB100B7CB2D /* 3.png in Resources */ = {isa = PBXBuildFile; fileRef = FAEFBE3A1952BCB100B7CB2D /* 3.png */; };
		FAEFBE461952BCB100B7CB2D /* 3.png in Resources */ = {isa = PBXBuildFile; fileRef = FAEFBE3A1952BCB100B7CB2D /* 3.png */; };
		FAEFBE471952BCB100B7CB2D /* 4.png in Resources */ = {isa = PBXBuildFile; fileRef = FAEFBE3B1952BCB100B7CB2D /* 4.png */; };
		FAEFBE481952BCB100B7CB2D /* 4.png in Resources */ = {isa = PBXBuildFile; fileRef = FAEFBE3B1952BCB100B7CB2D /* 4.png */; };
		FAEFBE491952BCB100B7CB2D /* 5.png in Resources */ = {isa = PBXBuildFile; fileRef = FAEFBE3C1952BCB100B7CB2D /* 5.png */; };
		FAEFBE4A1952BCB100B7CB2D /* 5.png in Resources */ = {isa = PBXBuildFile; fileRef = FAEFBE3C1952BCB100B7CB2D /* 5.png */; };
		FAEFBE4B1952BCB100B7CB2D /* 6.png in Resources */ = {isa = PBXBuildFile; fileRef = FAEFBE3D1952BCB100B7CB2D /* 6.png */; };
		FAEFBE4C1952BCB100B7CB2D /* 6.png in Resources */ = {isa = PBXBuildFile; fileRef = FAEFBE3D1952BCB100B7CB2D /* 6.png */; };
		FAEFBE4D1952BCB100B7CB2D /* 7.png in Resources */ = {isa = PBXBuildFile; fileRef = FAEFBE3E1952BCB100B7CB2D /* 7.png */; };
		FAEFBE4E1952BCB100B7CB2D /* 7.png in Resources */ = {isa = PBXBuildFile; fileRef = FAEFBE3E1952BCB100B7CB2D /* 7.png */; };
		FAEFBE4F1952BCB100B7CB2D /* 8.png in Resources */ = {isa = PBXBuildFile; fileRef = FAEFBE3F1952BCB100B7CB2D /* 8.png */; };
		FAEFBE501952BCB100B7CB2D /* 8.png in Resources */ = {isa = PBXBuildFile; fileRef = FAEFBE3F1952BCB100B7CB2D /* 8.png */; };
		FAEFBE511952BCB100B7CB2D /* 9.png in Resources */ = {isa = PBXBuildFile; fileRef = FAEFBE401952BCB100B7CB2D /* 9.png */; };
		FAEFBE521952BCB100B7CB2D /* 9.png in Resources */ = {isa = PBXBuildFile; fileRef = FAEFBE401952BCB100B7CB2D /* 9.png */; };
/* End PBXBuildFile section */

/* Begin PBXContainerItemProxy section */
		1AC6FAF8180E9839004C840B /* PBXContainerItemProxy */ = {
			isa = PBXContainerItemProxy;
			containerPortal = 1AC6FAE5180E9839004C840B /* cocos2d_libs.xcodeproj */;
			proxyType = 2;
			remoteGlobalIDString = 1551A33F158F2AB200E66CFE;
			remoteInfo = "cocos2dx Mac";
		};
		1AC6FAFA180E9839004C840B /* PBXContainerItemProxy */ = {
			isa = PBXContainerItemProxy;
			containerPortal = 1AC6FAE5180E9839004C840B /* cocos2d_libs.xcodeproj */;
			proxyType = 2;
			remoteGlobalIDString = A03F2FD617814595006731B9;
			remoteInfo = "cocos2dx-extensions Mac";
		};
		1AC6FAFC180E9839004C840B /* PBXContainerItemProxy */ = {
			isa = PBXContainerItemProxy;
			containerPortal = 1AC6FAE5180E9839004C840B /* cocos2d_libs.xcodeproj */;
			proxyType = 2;
			remoteGlobalIDString = A03F2CB81780BD04006731B9;
			remoteInfo = "chipmunk Mac";
		};
		1AC6FAFE180E9839004C840B /* PBXContainerItemProxy */ = {
			isa = PBXContainerItemProxy;
			containerPortal = 1AC6FAE5180E9839004C840B /* cocos2d_libs.xcodeproj */;
			proxyType = 2;
			remoteGlobalIDString = A03F2D9B1780BDF7006731B9;
			remoteInfo = "box2d Mac";
		};
		1AC6FB00180E9839004C840B /* PBXContainerItemProxy */ = {
			isa = PBXContainerItemProxy;
			containerPortal = 1AC6FAE5180E9839004C840B /* cocos2d_libs.xcodeproj */;
			proxyType = 2;
			remoteGlobalIDString = A03F2ED617814268006731B9;
			remoteInfo = "CocosDenshion Mac";
		};
		1AC6FB06180E9839004C840B /* PBXContainerItemProxy */ = {
			isa = PBXContainerItemProxy;
			containerPortal = 1AC6FAE5180E9839004C840B /* cocos2d_libs.xcodeproj */;
			proxyType = 2;
			remoteGlobalIDString = A07A4D641783777C0073F6A7;
			remoteInfo = "cocos2dx iOS";
		};
		1AC6FB08180E9839004C840B /* PBXContainerItemProxy */ = {
			isa = PBXContainerItemProxy;
			containerPortal = 1AC6FAE5180E9839004C840B /* cocos2d_libs.xcodeproj */;
			proxyType = 2;
			remoteGlobalIDString = A07A4EFC1783867C0073F6A7;
			remoteInfo = "cocos2dx-extensions iOS";
		};
		1AC6FB0A180E9839004C840B /* PBXContainerItemProxy */ = {
			isa = PBXContainerItemProxy;
			containerPortal = 1AC6FAE5180E9839004C840B /* cocos2d_libs.xcodeproj */;
			proxyType = 2;
			remoteGlobalIDString = A07A4F3B178387670073F6A7;
			remoteInfo = "chipmunk iOS";
		};
		1AC6FB0C180E9839004C840B /* PBXContainerItemProxy */ = {
			isa = PBXContainerItemProxy;
			containerPortal = 1AC6FAE5180E9839004C840B /* cocos2d_libs.xcodeproj */;
			proxyType = 2;
			remoteGlobalIDString = A07A4F9E1783876B0073F6A7;
			remoteInfo = "box2d iOS";
		};
		1AC6FB0E180E9839004C840B /* PBXContainerItemProxy */ = {
			isa = PBXContainerItemProxy;
			containerPortal = 1AC6FAE5180E9839004C840B /* cocos2d_libs.xcodeproj */;
			proxyType = 2;
			remoteGlobalIDString = A07A4FB4178387730073F6A7;
			remoteInfo = "CocosDenshion iOS";
		};
		1AC6FB15180E9959004C840B /* PBXContainerItemProxy */ = {
			isa = PBXContainerItemProxy;
			containerPortal = 1AC6FAE5180E9839004C840B /* cocos2d_libs.xcodeproj */;
			proxyType = 1;
			remoteGlobalIDString = 1551A33E158F2AB200E66CFE;
			remoteInfo = "cocos2dx Mac";
		};
		1AC6FB17180E9959004C840B /* PBXContainerItemProxy */ = {
			isa = PBXContainerItemProxy;
			containerPortal = 1AC6FAE5180E9839004C840B /* cocos2d_libs.xcodeproj */;
			proxyType = 1;
			remoteGlobalIDString = A03F2FC117814595006731B9;
			remoteInfo = "cocos2dx-extensions Mac";
		};
		1AC6FB19180E9959004C840B /* PBXContainerItemProxy */ = {
			isa = PBXContainerItemProxy;
			containerPortal = 1AC6FAE5180E9839004C840B /* cocos2d_libs.xcodeproj */;
			proxyType = 1;
			remoteGlobalIDString = A03F2B781780BD04006731B9;
			remoteInfo = "chipmunk Mac";
		};
		1AC6FB1B180E9959004C840B /* PBXContainerItemProxy */ = {
			isa = PBXContainerItemProxy;
			containerPortal = 1AC6FAE5180E9839004C840B /* cocos2d_libs.xcodeproj */;
			proxyType = 1;
			remoteGlobalIDString = A03F2E9817814268006731B9;
			remoteInfo = "CocosDenshion Mac";
		};
		1AC6FB1D180E9963004C840B /* PBXContainerItemProxy */ = {
			isa = PBXContainerItemProxy;
			containerPortal = 1AC6FAE5180E9839004C840B /* cocos2d_libs.xcodeproj */;
			proxyType = 1;
			remoteGlobalIDString = A03F2D5D1780BDF7006731B9;
			remoteInfo = "box2d Mac";
		};
		1AC6FB24180E99E1004C840B /* PBXContainerItemProxy */ = {
			isa = PBXContainerItemProxy;
			containerPortal = 1AC6FAE5180E9839004C840B /* cocos2d_libs.xcodeproj */;
			proxyType = 1;
			remoteGlobalIDString = A07A4C241783777C0073F6A7;
			remoteInfo = "cocos2dx iOS";
		};
		1AC6FB26180E99E1004C840B /* PBXContainerItemProxy */ = {
			isa = PBXContainerItemProxy;
			containerPortal = 1AC6FAE5180E9839004C840B /* cocos2d_libs.xcodeproj */;
			proxyType = 1;
			remoteGlobalIDString = A07A4E111783867C0073F6A7;
			remoteInfo = "cocos2dx-extensions iOS";
		};
		1AC6FB28180E99E1004C840B /* PBXContainerItemProxy */ = {
			isa = PBXContainerItemProxy;
			containerPortal = 1AC6FAE5180E9839004C840B /* cocos2d_libs.xcodeproj */;
			proxyType = 1;
			remoteGlobalIDString = A07A4EFD178387670073F6A7;
			remoteInfo = "chipmunk iOS";
		};
		1AC6FB2A180E99E1004C840B /* PBXContainerItemProxy */ = {
			isa = PBXContainerItemProxy;
			containerPortal = 1AC6FAE5180E9839004C840B /* cocos2d_libs.xcodeproj */;
			proxyType = 1;
			remoteGlobalIDString = A07A4F3C1783876B0073F6A7;
			remoteInfo = "box2d iOS";
		};
		1AC6FB2C180E99E1004C840B /* PBXContainerItemProxy */ = {
			isa = PBXContainerItemProxy;
			containerPortal = 1AC6FAE5180E9839004C840B /* cocos2d_libs.xcodeproj */;
			proxyType = 1;
			remoteGlobalIDString = A07A4F9F178387730073F6A7;
			remoteInfo = "CocosDenshion iOS";
		};
/* End PBXContainerItemProxy section */

/* Begin PBXFileReference section */
		1AC6FAE5180E9839004C840B /* cocos2d_libs.xcodeproj */ = {isa = PBXFileReference; lastKnownFileType = "wrapper.pb-project"; name = cocos2d_libs.xcodeproj; path = ../cocos2d/build/cocos2d_libs.xcodeproj; sourceTree = "<group>"; };
		1ACB3243164770DE00914215 /* libcurl.a */ = {isa = PBXFileReference; lastKnownFileType = archive.ar; name = libcurl.a; path = ../../cocos2dx/platform/third_party/ios/libraries/libcurl.a; sourceTree = "<group>"; };
		1AFAF8B316D35DE700DB1158 /* AppDelegate.cpp */ = {isa = PBXFileReference; fileEncoding = 4; lastKnownFileType = sourcecode.cpp.cpp; name = AppDelegate.cpp; path = ../Classes/AppDelegate.cpp; sourceTree = "<group>"; };
		1AFAF8B416D35DE700DB1158 /* AppDelegate.h */ = {isa = PBXFileReference; fileEncoding = 4; lastKnownFileType = sourcecode.c.h; name = AppDelegate.h; path = ../Classes/AppDelegate.h; sourceTree = "<group>"; };
		1AFAF8B516D35DE700DB1158 /* HelloWorldScene.cpp */ = {isa = PBXFileReference; fileEncoding = 4; lastKnownFileType = sourcecode.cpp.cpp; name = HelloWorldScene.cpp; path = ../Classes/HelloWorldScene.cpp; sourceTree = "<group>"; };
		1AFAF8B616D35DE700DB1158 /* HelloWorldScene.h */ = {isa = PBXFileReference; fileEncoding = 4; lastKnownFileType = sourcecode.c.h; name = HelloWorldScene.h; path = ../Classes/HelloWorldScene.h; sourceTree = "<group>"; };
		1AFAF8B916D35E4900DB1158 /* CloseNormal.png */ = {isa = PBXFileReference; lastKnownFileType = image.png; path = CloseNormal.png; sourceTree = "<group>"; };
		1AFAF8BA16D35E4900DB1158 /* CloseSelected.png */ = {isa = PBXFileReference; lastKnownFileType = image.png; path = CloseSelected.png; sourceTree = "<group>"; };
		1AFAF8BB16D35E4900DB1158 /* HelloWorld.png */ = {isa = PBXFileReference; lastKnownFileType = image.png; path = HelloWorld.png; sourceTree = "<group>"; };
		1D30AB110D05D00D00671497 /* Foundation.framework */ = {isa = PBXFileReference; lastKnownFileType = wrapper.framework; name = Foundation.framework; path = System/Library/Frameworks/Foundation.framework; sourceTree = SDKROOT; };
		1D6058910D05DD3D006BFB54 /* MyGame iOS.app */ = {isa = PBXFileReference; explicitFileType = wrapper.application; includeInIndex = 0; path = "MyGame iOS.app"; sourceTree = BUILT_PRODUCTS_DIR; };
		1DF5F4DF0D08C38300B7A737 /* UIKit.framework */ = {isa = PBXFileReference; lastKnownFileType = wrapper.framework; name = UIKit.framework; path = System/Library/Frameworks/UIKit.framework; sourceTree = SDKROOT; };
		288765A40DF7441C002DB57D /* CoreGraphics.framework */ = {isa = PBXFileReference; lastKnownFileType = wrapper.framework; name = CoreGraphics.framework; path = System/Library/Frameworks/CoreGraphics.framework; sourceTree = SDKROOT; };
		503AE0F617EB97AB00D1A890 /* Icon.icns */ = {isa = PBXFileReference; lastKnownFileType = image.icns; path = Icon.icns; sourceTree = "<group>"; };
		503AE0F717EB97AB00D1A890 /* Info.plist */ = {isa = PBXFileReference; fileEncoding = 4; lastKnownFileType = text.plist.xml; path = Info.plist; sourceTree = "<group>"; };
		503AE0FA17EB989F00D1A890 /* AppController.h */ = {isa = PBXFileReference; fileEncoding = 4; lastKnownFileType = sourcecode.c.h; name = AppController.h; path = ios/AppController.h; sourceTree = SOURCE_ROOT; };
		503AE0FB17EB989F00D1A890 /* AppController.mm */ = {isa = PBXFileReference; fileEncoding = 4; lastKnownFileType = sourcecode.cpp.objcpp; name = AppController.mm; path = ios/AppController.mm; sourceTree = SOURCE_ROOT; };
		503AE0FC17EB989F00D1A890 /* main.m */ = {isa = PBXFileReference; fileEncoding = 4; lastKnownFileType = sourcecode.c.objc; name = main.m; path = ios/main.m; sourceTree = SOURCE_ROOT; };
		503AE0FD17EB989F00D1A890 /* Prefix.pch */ = {isa = PBXFileReference; fileEncoding = 4; lastKnownFileType = sourcecode.c.h; name = Prefix.pch; path = ios/Prefix.pch; sourceTree = SOURCE_ROOT; };
		503AE0FE17EB989F00D1A890 /* RootViewController.h */ = {isa = PBXFileReference; fileEncoding = 4; lastKnownFileType = sourcecode.c.h; name = RootViewController.h; path = ios/RootViewController.h; sourceTree = SOURCE_ROOT; };
		503AE0FF17EB989F00D1A890 /* RootViewController.mm */ = {isa = PBXFileReference; fileEncoding = 4; lastKnownFileType = sourcecode.cpp.objcpp; name = RootViewController.mm; path = ios/RootViewController.mm; sourceTree = SOURCE_ROOT; };
		503AE10317EB98FF00D1A890 /* main.cpp */ = {isa = PBXFileReference; fileEncoding = 4; lastKnownFileType = sourcecode.cpp.cpp; name = main.cpp; path = mac/main.cpp; sourceTree = "<group>"; };
		503AE10417EB98FF00D1A890 /* Prefix.pch */ = {isa = PBXFileReference; fileEncoding = 4; lastKnownFileType = sourcecode.c.h; name = Prefix.pch; path = mac/Prefix.pch; sourceTree = "<group>"; };
		503AE11117EB99EE00D1A890 /* libcurl.dylib */ = {isa = PBXFileReference; lastKnownFileType = "compiled.mach-o.dylib"; name = libcurl.dylib; path = usr/lib/libcurl.dylib; sourceTree = SDKROOT; };
		503AE11A17EB9C5A00D1A890 /* IOKit.framework */ = {isa = PBXFileReference; lastKnownFileType = wrapper.framework; name = IOKit.framework; path = System/Library/Frameworks/IOKit.framework; sourceTree = SDKROOT; };
		5087E76F17EB910900C73F5D /* MyGame Mac.app */ = {isa = PBXFileReference; explicitFileType = wrapper.application; includeInIndex = 0; path = "MyGame Mac.app"; sourceTree = BUILT_PRODUCTS_DIR; };
		5087E77217EB970100C73F5D /* Default-568h@2x.png */ = {isa = PBXFileReference; lastKnownFileType = image.png; path = "Default-568h@2x.png"; sourceTree = "<group>"; };
		5087E77317EB970100C73F5D /* Default.png */ = {isa = PBXFileReference; lastKnownFileType = image.png; path = Default.png; sourceTree = "<group>"; };
		5087E77417EB970100C73F5D /* Default@2x.png */ = {isa = PBXFileReference; lastKnownFileType = image.png; path = "Default@2x.png"; sourceTree = "<group>"; };
		5087E77517EB970100C73F5D /* Icon-114.png */ = {isa = PBXFileReference; lastKnownFileType = image.png; path = "Icon-114.png"; sourceTree = "<group>"; };
		5087E77617EB970100C73F5D /* Icon-120.png */ = {isa = PBXFileReference; lastKnownFileType = image.png; path = "Icon-120.png"; sourceTree = "<group>"; };
		5087E77717EB970100C73F5D /* Icon-144.png */ = {isa = PBXFileReference; lastKnownFileType = image.png; path = "Icon-144.png"; sourceTree = "<group>"; };
		5087E77817EB970100C73F5D /* Icon-152.png */ = {isa = PBXFileReference; lastKnownFileType = image.png; path = "Icon-152.png"; sourceTree = "<group>"; };
		5087E77917EB970100C73F5D /* Icon-57.png */ = {isa = PBXFileReference; lastKnownFileType = image.png; path = "Icon-57.png"; sourceTree = "<group>"; };
		5087E77A17EB970100C73F5D /* Icon-72.png */ = {isa = PBXFileReference; lastKnownFileType = image.png; path = "Icon-72.png"; sourceTree = "<group>"; };
		5087E77B17EB970100C73F5D /* Icon-76.png */ = {isa = PBXFileReference; lastKnownFileType = image.png; path = "Icon-76.png"; sourceTree = "<group>"; };
		5087E77C17EB970100C73F5D /* Info.plist */ = {isa = PBXFileReference; fileEncoding = 4; lastKnownFileType = text.plist.xml; path = Info.plist; sourceTree = "<group>"; };
		5087E78817EB974C00C73F5D /* AppKit.framework */ = {isa = PBXFileReference; lastKnownFileType = wrapper.framework; name = AppKit.framework; path = System/Library/Frameworks/AppKit.framework; sourceTree = SDKROOT; };
		5087E78A17EB975400C73F5D /* OpenGL.framework */ = {isa = PBXFileReference; lastKnownFileType = wrapper.framework; name = OpenGL.framework; path = System/Library/Frameworks/OpenGL.framework; sourceTree = SDKROOT; };
		50EF629217ECD46A001EB2F8 /* Icon-40.png */ = {isa = PBXFileReference; lastKnownFileType = image.png; path = "Icon-40.png"; sourceTree = "<group>"; };
		50EF629317ECD46A001EB2F8 /* Icon-58.png */ = {isa = PBXFileReference; lastKnownFileType = image.png; path = "Icon-58.png"; sourceTree = "<group>"; };
		50EF629417ECD46A001EB2F8 /* Icon-80.png */ = {isa = PBXFileReference; lastKnownFileType = image.png; path = "Icon-80.png"; sourceTree = "<group>"; };
		50EF629517ECD46A001EB2F8 /* Icon-100.png */ = {isa = PBXFileReference; lastKnownFileType = image.png; path = "Icon-100.png"; sourceTree = "<group>"; };
		50EF62A017ECD613001EB2F8 /* Icon-29.png */ = {isa = PBXFileReference; lastKnownFileType = image.png; path = "Icon-29.png"; sourceTree = "<group>"; };
		50EF62A117ECD613001EB2F8 /* Icon-50.png */ = {isa = PBXFileReference; lastKnownFileType = image.png; path = "Icon-50.png"; sourceTree = "<group>"; };
		BF170DB012928DE900B8313A /* OpenGLES.framework */ = {isa = PBXFileReference; lastKnownFileType = wrapper.framework; name = OpenGLES.framework; path = System/Library/Frameworks/OpenGLES.framework; sourceTree = SDKROOT; };
		BF170DB412928DE900B8313A /* libz.dylib */ = {isa = PBXFileReference; lastKnownFileType = "compiled.mach-o.dylib"; name = libz.dylib; path = usr/lib/libz.dylib; sourceTree = SDKROOT; };
		BF1C47EA1293683800B63C5D /* QuartzCore.framework */ = {isa = PBXFileReference; lastKnownFileType = wrapper.framework; name = QuartzCore.framework; path = System/Library/Frameworks/QuartzCore.framework; sourceTree = SDKROOT; };
		D44C620B132DFF330009C878 /* OpenAL.framework */ = {isa = PBXFileReference; lastKnownFileType = wrapper.framework; name = OpenAL.framework; path = System/Library/Frameworks/OpenAL.framework; sourceTree = SDKROOT; };
		D44C620D132DFF430009C878 /* AVFoundation.framework */ = {isa = PBXFileReference; lastKnownFileType = wrapper.framework; name = AVFoundation.framework; path = System/Library/Frameworks/AVFoundation.framework; sourceTree = SDKROOT; };
		D44C620F132DFF4E0009C878 /* AudioToolbox.framework */ = {isa = PBXFileReference; lastKnownFileType = wrapper.framework; name = AudioToolbox.framework; path = System/Library/Frameworks/AudioToolbox.framework; sourceTree = SDKROOT; };
		D6B0611A1803AB670077942B /* CoreMotion.framework */ = {isa = PBXFileReference; lastKnownFileType = wrapper.framework; name = CoreMotion.framework; path = Platforms/iPhoneOS.platform/Developer/SDKs/iPhoneOS7.0.sdk/System/Library/Frameworks/CoreMotion.framework; sourceTree = DEVELOPER_DIR; };
		FA3B1D9E194DB0AF004675DE /* OverUi_1 */ = {isa = PBXFileReference; lastKnownFileType = folder; path = OverUi_1; sourceTree = "<group>"; };
		FA9B6216194A0C500014F2D2 /* p2tankU.png */ = {isa = PBXFileReference; lastKnownFileType = image.png; path = p2tankU.png; sourceTree = "<group>"; };
		FA9B621B194A0CF60014F2D2 /* p2tankR.png */ = {isa = PBXFileReference; lastKnownFileType = image.png; path = p2tankR.png; sourceTree = "<group>"; };
		FA9B621E194A0F170014F2D2 /* blast7.png */ = {isa = PBXFileReference; lastKnownFileType = image.png; path = blast7.png; sourceTree = "<group>"; };
		FA9B6224194AC2750014F2D2 /* loginbg.png */ = {isa = PBXFileReference; lastKnownFileType = image.png; path = loginbg.png; sourceTree = "<group>"; };
		FA9B6227194B1E4C0014F2D2 /* login_dbg.png */ = {isa = PBXFileReference; lastKnownFileType = image.png; path = login_dbg.png; sourceTree = "<group>"; };
		FA9B622A194B40160014F2D2 /* win.png */ = {isa = PBXFileReference; lastKnownFileType = image.png; path = win.png; sourceTree = "<group>"; };
		FAAD0510193732990008CD73 /* StartScene.cpp */ = {isa = PBXFileReference; fileEncoding = 4; lastKnownFileType = sourcecode.cpp.cpp; name = StartScene.cpp; path = ../Classes/StartScene.cpp; sourceTree = "<group>"; };
		FAAD0511193732990008CD73 /* StartScene.h */ = {isa = PBXFileReference; fileEncoding = 4; lastKnownFileType = sourcecode.c.h; name = StartScene.h; path = ../Classes/StartScene.h; sourceTree = "<group>"; };
		FADF807019386B8D007FE3ED /* Wave.h */ = {isa = PBXFileReference; fileEncoding = 4; lastKnownFileType = sourcecode.c.h; path = Wave.h; sourceTree = "<group>"; };
		FADF807319386B95007FE3ED /* Wave.cpp */ = {isa = PBXFileReference; fileEncoding = 4; lastKnownFileType = sourcecode.cpp.cpp; path = Wave.cpp; sourceTree = "<group>"; };
		FADF807A19386BFC007FE3ED /* Creep.h */ = {isa = PBXFileReference; fileEncoding = 4; lastKnownFileType = sourcecode.c.h; path = Creep.h; sourceTree = "<group>"; };
		FADF807B19386C04007FE3ED /* Creep.cpp */ = {isa = PBXFileReference; fileEncoding = 4; lastKnownFileType = sourcecode.cpp.cpp; path = Creep.cpp; sourceTree = "<group>"; };
		FADF807E19386C4B007FE3ED /* DataModel.h */ = {isa = PBXFileReference; fileEncoding = 4; lastKnownFileType = sourcecode.c.h; path = DataModel.h; sourceTree = "<group>"; };
		FADF807F19386C57007FE3ED /* DataModel.cpp */ = {isa = PBXFileReference; fileEncoding = 4; lastKnownFileType = sourcecode.cpp.cpp; path = DataModel.cpp; sourceTree = "<group>"; };
		FADF808219386C63007FE3ED /* GameHud.h */ = {isa = PBXFileReference; fileEncoding = 4; lastKnownFileType = sourcecode.c.h; path = GameHud.h; sourceTree = "<group>"; };
		FADF808319386C85007FE3ED /* GameHud.cpp */ = {isa = PBXFileReference; fileEncoding = 4; lastKnownFileType = sourcecode.cpp.cpp; path = GameHud.cpp; sourceTree = "<group>"; };
		FADF808619386C98007FE3ED /* Projectile.h */ = {isa = PBXFileReference; fileEncoding = 4; lastKnownFileType = sourcecode.c.h; path = Projectile.h; sourceTree = "<group>"; };
		FADF808719386C9F007FE3ED /* Projectile.cpp */ = {isa = PBXFileReference; fileEncoding = 4; lastKnownFileType = sourcecode.cpp.cpp; path = Projectile.cpp; sourceTree = "<group>"; };
		FADF808E19386CEA007FE3ED /* Tower.h */ = {isa = PBXFileReference; fileEncoding = 4; lastKnownFileType = sourcecode.c.h; path = Tower.h; sourceTree = "<group>"; };
		FADF808F19386CF3007FE3ED /* Tower.cpp */ = {isa = PBXFileReference; fileEncoding = 4; lastKnownFileType = sourcecode.cpp.cpp; path = Tower.cpp; sourceTree = "<group>"; };
		FADF8093193870C2007FE3ED /* WayPoint.h */ = {isa = PBXFileReference; fileEncoding = 4; lastKnownFileType = sourcecode.c.h; path = WayPoint.h; sourceTree = "<group>"; };
		FADF8096193870C9007FE3ED /* WayPoint.cpp */ = {isa = PBXFileReference; fileEncoding = 4; lastKnownFileType = sourcecode.cpp.cpp; path = WayPoint.cpp; sourceTree = "<group>"; };
		FADF8190193CE645007FE3ED /* Home.cpp */ = {isa = PBXFileReference; fileEncoding = 4; lastKnownFileType = sourcecode.cpp.cpp; name = Home.cpp; path = ../Classes/Home.cpp; sourceTree = "<group>"; };
		FADF8191193CE645007FE3ED /* Home.h */ = {isa = PBXFileReference; fileEncoding = 4; lastKnownFileType = sourcecode.c.h; name = Home.h; path = ../Classes/Home.h; sourceTree = "<group>"; };
		FAEFBD131951616400B7CB2D /* bullet3.png */ = {isa = PBXFileReference; lastKnownFileType = image.png; path = bullet3.png; sourceTree = "<group>"; };
		FAEFBD16195161BA00B7CB2D /* bullet2.png */ = {isa = PBXFileReference; lastKnownFileType = image.png; path = bullet2.png; sourceTree = "<group>"; };
		FAEFBD1C1951631800B7CB2D /* bullet4.png */ = {isa = PBXFileReference; lastKnownFileType = image.png; path = bullet4.png; sourceTree = "<group>"; };
		FAEFBD1F1951675B00B7CB2D /* PlayUi_1.json */ = {isa = PBXFileReference; fileEncoding = 4; lastKnownFileType = text.json; path = PlayUi_1.json; sourceTree = "<group>"; };
		FAEFBD3119516F8300B7CB2D /* StartUi_1 */ = {isa = PBXFileReference; lastKnownFileType = folder; path = StartUi_1; sourceTree = "<group>"; };
		FAEFBD3D1951778D00B7CB2D /* p1tankD31.png */ = {isa = PBXFileReference; lastKnownFileType = image.png; path = p1tankD31.png; sourceTree = "<group>"; };
		FAEFBD401951779700B7CB2D /* p1tankD32.png */ = {isa = PBXFileReference; lastKnownFileType = image.png; path = p1tankD32.png; sourceTree = "<group>"; };
		FAEFBD4319517D6800B7CB2D /* p1tankD41.png */ = {isa = PBXFileReference; lastKnownFileType = image.png; path = p1tankD41.png; sourceTree = "<group>"; };
		FAEFBD4619517D6E00B7CB2D /* p1tankD42.png */ = {isa = PBXFileReference; lastKnownFileType = image.png; path = p1tankD42.png; sourceTree = "<group>"; };
		FAEFBD9A19519B4B00B7CB2D /* destroy.png */ = {isa = PBXFileReference; lastKnownFileType = image.png; path = destroy.png; sourceTree = "<group>"; };
		FAEFBD9D19519B6200B7CB2D /* symbol.png */ = {isa = PBXFileReference; lastKnownFileType = image.png; path = symbol.png; sourceTree = "<group>"; };
		FAEFBDA019519B6F00B7CB2D /* over.png */ = {isa = PBXFileReference; lastKnownFileType = image.png; path = over.png; sourceTree = "<group>"; };
		FAEFBDA319519B8C00B7CB2D /* enemy1L.png */ = {isa = PBXFileReference; lastKnownFileType = image.png; path = enemy1L.png; sourceTree = "<group>"; };
		FAEFBDA619519B9600B7CB2D /* enemy2L.png */ = {isa = PBXFileReference; lastKnownFileType = image.png; path = enemy2L.png; sourceTree = "<group>"; };
		FAEFBDA919519B9D00B7CB2D /* enemy3L.png */ = {isa = PBXFileReference; lastKnownFileType = image.png; path = enemy3L.png; sourceTree = "<group>"; };
		FAEFBDD01951A0E300B7CB2D /* bullet1.png */ = {isa = PBXFileReference; lastKnownFileType = image.png; path = bullet1.png; sourceTree = "<group>"; };
		FAEFBDD11951A0E300B7CB2D /* hud.png */ = {isa = PBXFileReference; lastKnownFileType = image.png; path = hud.png; sourceTree = "<group>"; };
		FAEFBDD21951A0E300B7CB2D /* p1tankR.png */ = {isa = PBXFileReference; lastKnownFileType = image.png; path = p1tankR.png; sourceTree = "<group>"; };
		FAEFBDD31951A0E300B7CB2D /* p1tankU.png */ = {isa = PBXFileReference; lastKnownFileType = image.png; path = p1tankU.png; sourceTree = "<group>"; };
		FAEFBDD41951A0E300B7CB2D /* Range.png */ = {isa = PBXFileReference; lastKnownFileType = image.png; path = Range.png; sourceTree = "<group>"; };
		FAEFBDDF1951A14E00B7CB2D /* 01.tmx */ = {isa = PBXFileReference; fileEncoding = 4; lastKnownFileType = text.xml; path = 01.tmx; sourceTree = "<group>"; };
		FAEFBDE21951A1F300B7CB2D /* fire.wav */ = {isa = PBXFileReference; lastKnownFileType = audio.wav; path = fire.wav; sourceTree = "<group>"; };
		FAEFBDE51951A1F900B7CB2D /* hit.wav */ = {isa = PBXFileReference; lastKnownFileType = audio.wav; path = hit.wav; sourceTree = "<group>"; };
		FAEFBDE81951A20300B7CB2D /* start.wav */ = {isa = PBXFileReference; lastKnownFileType = audio.wav; path = start.wav; sourceTree = "<group>"; };
		FAEFBDEB1951A21000B7CB2D /* blast.wav */ = {isa = PBXFileReference; lastKnownFileType = audio.wav; path = blast.wav; sourceTree = "<group>"; };
		FAEFBDF41951C6FB00B7CB2D /* enemy2R.png */ = {isa = PBXFileReference; lastKnownFileType = image.png; path = enemy2R.png; sourceTree = "<group>"; };
		FAEFBDF71951C75700B7CB2D /* enemy3R.png */ = {isa = PBXFileReference; lastKnownFileType = image.png; path = enemy3R.png; sourceTree = "<group>"; };
		FAEFBDFA1951C78F00B7CB2D /* enemy1R.png */ = {isa = PBXFileReference; lastKnownFileType = image.png; path = enemy1R.png; sourceTree = "<group>"; };
		FAEFBDFD1951C8EE00B7CB2D /* SecondScene.cpp */ = {isa = PBXFileReference; fileEncoding = 4; lastKnownFileType = sourcecode.cpp.cpp; name = SecondScene.cpp; path = ../Classes/SecondScene.cpp; sourceTree = "<group>"; };
		FAEFBDFE1951C8EE00B7CB2D /* SecondScene.h */ = {isa = PBXFileReference; fileEncoding = 4; lastKnownFileType = sourcecode.c.h; name = SecondScene.h; path = ../Classes/SecondScene.h; sourceTree = "<group>"; };
		FAEFBE0D19528AB600B7CB2D /* 02.tmx */ = {isa = PBXFileReference; fileEncoding = 4; lastKnownFileType = text.xml; path = 02.tmx; sourceTree = "<group>"; };
		FAEFBE101952A4A200B7CB2D /* 03.tmx */ = {isa = PBXFileReference; fileEncoding = 4; lastKnownFileType = text.xml; path = 03.tmx; sourceTree = "<group>"; };
		FAEFBE131952A59D00B7CB2D /* ThirdScene.cpp */ = {isa = PBXFileReference; fileEncoding = 4; lastKnownFileType = sourcecode.cpp.cpp; name = ThirdScene.cpp; path = ../Classes/ThirdScene.cpp; sourceTree = "<group>"; };
		FAEFBE141952A59D00B7CB2D /* ThirdScene.h */ = {isa = PBXFileReference; fileEncoding = 4; lastKnownFileType = sourcecode.c.h; name = ThirdScene.h; path = ../Classes/ThirdScene.h; sourceTree = "<group>"; };
		FAEFBE381952BCB100B7CB2D /* 1.png */ = {isa = PBXFileReference; lastKnownFileType = image.png; path = 1.png; sourceTree = "<group>"; };
		FAEFBE391952BCB100B7CB2D /* 2.png */ = {isa = PBXFileReference; lastKnownFileType = image.png; path = 2.png; sourceTree = "<group>"; };
		FAEFBE3A1952BCB100B7CB2D /* 3.png */ = {isa = PBXFileReference; lastKnownFileType = image.png; path = 3.png; sourceTree = "<group>"; };
		FAEFBE3B1952BCB100B7CB2D /* 4.png */ = {isa = PBXFileReference; lastKnownFileType = image.png; path = 4.png; sourceTree = "<group>"; };
		FAEFBE3C1952BCB100B7CB2D /* 5.png */ = {isa = PBXFileReference; lastKnownFileType = image.png; path = 5.png; sourceTree = "<group>"; };
		FAEFBE3D1952BCB100B7CB2D /* 6.png */ = {isa = PBXFileReference; lastKnownFileType = image.png; path = 6.png; sourceTree = "<group>"; };
		FAEFBE3E1952BCB100B7CB2D /* 7.png */ = {isa = PBXFileReference; lastKnownFileType = image.png; path = 7.png; sourceTree = "<group>"; };
		FAEFBE3F1952BCB100B7CB2D /* 8.png */ = {isa = PBXFileReference; lastKnownFileType = image.png; path = 8.png; sourceTree = "<group>"; };
		FAEFBE401952BCB100B7CB2D /* 9.png */ = {isa = PBXFileReference; lastKnownFileType = image.png; path = 9.png; sourceTree = "<group>"; };
/* End PBXFileReference section */

/* Begin PBXFrameworksBuildPhase section */
		1D60588F0D05DD3D006BFB54 /* Frameworks */ = {
			isa = PBXFrameworksBuildPhase;
			buildActionMask = 2147483647;
			files = (
				1AC6FB2E180E99EB004C840B /* libbox2d iOS.a in Frameworks */,
				1AC6FB2F180E99EB004C840B /* libchipmunk iOS.a in Frameworks */,
				1AC6FB30180E99EB004C840B /* libcocos2dx iOS.a in Frameworks */,
				1AC6FB31180E99EB004C840B /* libcocos2dx-extensions iOS.a in Frameworks */,
				1AC6FB32180E99EB004C840B /* libCocosDenshion iOS.a in Frameworks */,
				D6B0611B1803AB670077942B /* CoreMotion.framework in Frameworks */,
				1D60589F0D05DD5A006BFB54 /* Foundation.framework in Frameworks */,
				1DF5F4E00D08C38300B7A737 /* UIKit.framework in Frameworks */,
				288765A50DF7441C002DB57D /* CoreGraphics.framework in Frameworks */,
				BF171245129291EC00B8313A /* OpenGLES.framework in Frameworks */,
				BF1712471292920000B8313A /* libz.dylib in Frameworks */,
				BF1C47F01293687400B63C5D /* QuartzCore.framework in Frameworks */,
				D44C620C132DFF330009C878 /* OpenAL.framework in Frameworks */,
				D44C620E132DFF430009C878 /* AVFoundation.framework in Frameworks */,
				D44C6210132DFF4E0009C878 /* AudioToolbox.framework in Frameworks */,
			);
			runOnlyForDeploymentPostprocessing = 0;
		};
		5087E75C17EB910900C73F5D /* Frameworks */ = {
			isa = PBXFrameworksBuildPhase;
			buildActionMask = 2147483647;
			files = (
				1AC6FB1F180E996B004C840B /* libbox2d Mac.a in Frameworks */,
				1AC6FB20180E996B004C840B /* libchipmunk Mac.a in Frameworks */,
				1AC6FB21180E996B004C840B /* libcocos2dx Mac.a in Frameworks */,
				1AC6FB22180E996B004C840B /* libcocos2dx-extensions Mac.a in Frameworks */,
				1AC6FB23180E996B004C840B /* libCocosDenshion Mac.a in Frameworks */,
				503AE11217EB99EE00D1A890 /* libcurl.dylib in Frameworks */,
				5087E76717EB910900C73F5D /* libz.dylib in Frameworks */,
				503AE11B17EB9C5A00D1A890 /* IOKit.framework in Frameworks */,
				5087E78B17EB975400C73F5D /* OpenGL.framework in Frameworks */,
				5087E78917EB974C00C73F5D /* AppKit.framework in Frameworks */,
				5087E76317EB910900C73F5D /* Foundation.framework in Frameworks */,
				5087E76517EB910900C73F5D /* CoreGraphics.framework in Frameworks */,
				5087E76817EB910900C73F5D /* QuartzCore.framework in Frameworks */,
				5087E76917EB910900C73F5D /* OpenAL.framework in Frameworks */,
				5087E76A17EB910900C73F5D /* AVFoundation.framework in Frameworks */,
				5087E76B17EB910900C73F5D /* AudioToolbox.framework in Frameworks */,
			);
			runOnlyForDeploymentPostprocessing = 0;
		};
/* End PBXFrameworksBuildPhase section */

/* Begin PBXGroup section */
		080E96DDFE201D6D7F000001 /* ios */ = {
			isa = PBXGroup;
			children = (
				5087E77117EB970100C73F5D /* Icons */,
				503AE0FA17EB989F00D1A890 /* AppController.h */,
				503AE0FB17EB989F00D1A890 /* AppController.mm */,
				503AE0FC17EB989F00D1A890 /* main.m */,
				503AE0FD17EB989F00D1A890 /* Prefix.pch */,
				503AE0FE17EB989F00D1A890 /* RootViewController.h */,
				503AE0FF17EB989F00D1A890 /* RootViewController.mm */,
			);
			name = ios;
			path = Classes;
			sourceTree = "<group>";
		};
		15AA9C4015B7EC450033D6C2 /* Classes */ = {
			isa = PBXGroup;
			children = (
				FADF807019386B8D007FE3ED /* Wave.h */,
				FADF807E19386C4B007FE3ED /* DataModel.h */,
				1AFAF8B316D35DE700DB1158 /* AppDelegate.cpp */,
				1AFAF8B416D35DE700DB1158 /* AppDelegate.h */,
				FADF807319386B95007FE3ED /* Wave.cpp */,
				FADF807A19386BFC007FE3ED /* Creep.h */,
				1AFAF8B516D35DE700DB1158 /* HelloWorldScene.cpp */,
				FADF807F19386C57007FE3ED /* DataModel.cpp */,
				FADF808319386C85007FE3ED /* GameHud.cpp */,
				FADF807B19386C04007FE3ED /* Creep.cpp */,
				FADF808719386C9F007FE3ED /* Projectile.cpp */,
				FADF808619386C98007FE3ED /* Projectile.h */,
				FADF808F19386CF3007FE3ED /* Tower.cpp */,
				FADF8096193870C9007FE3ED /* WayPoint.cpp */,
				FADF808219386C63007FE3ED /* GameHud.h */,
				1AFAF8B616D35DE700DB1158 /* HelloWorldScene.h */,
				FADF8093193870C2007FE3ED /* WayPoint.h */,
				FADF808E19386CEA007FE3ED /* Tower.h */,
				FAAD0510193732990008CD73 /* StartScene.cpp */,
				FAAD0511193732990008CD73 /* StartScene.h */,
				FADF8190193CE645007FE3ED /* Home.cpp */,
				FADF8191193CE645007FE3ED /* Home.h */,
				FAEFBDFD1951C8EE00B7CB2D /* SecondScene.cpp */,
				FAEFBDFE1951C8EE00B7CB2D /* SecondScene.h */,
				FAEFBE131952A59D00B7CB2D /* ThirdScene.cpp */,
				FAEFBE141952A59D00B7CB2D /* ThirdScene.h */,
			);
			name = Classes;
			path = ../classes;
			sourceTree = "<group>";
		};
		19C28FACFE9D520D11CA2CBB /* Products */ = {
			isa = PBXGroup;
			children = (
				1D6058910D05DD3D006BFB54 /* MyGame iOS.app */,
				5087E76F17EB910900C73F5D /* MyGame Mac.app */,
			);
			name = Products;
			sourceTree = "<group>";
		};
		1AC6FAE6180E9839004C840B /* Products */ = {
			isa = PBXGroup;
			children = (
				1AC6FAF9180E9839004C840B /* libcocos2dx Mac.a */,
				1AC6FAFB180E9839004C840B /* libcocos2dx-extensions Mac.a */,
				1AC6FAFD180E9839004C840B /* libchipmunk Mac.a */,
				1AC6FAFF180E9839004C840B /* libbox2d Mac.a */,
				1AC6FB01180E9839004C840B /* libCocosDenshion Mac.a */,
				1AC6FB07180E9839004C840B /* libcocos2dx iOS.a */,
				1AC6FB09180E9839004C840B /* libcocos2dx-extensions iOS.a */,
				1AC6FB0B180E9839004C840B /* libchipmunk iOS.a */,
				1AC6FB0D180E9839004C840B /* libbox2d iOS.a */,
				1AC6FB0F180E9839004C840B /* libCocosDenshion iOS.a */,
			);
			name = Products;
			sourceTree = "<group>";
		};
		29B97314FDCFA39411CA2CEA /* CustomTemplate */ = {
			isa = PBXGroup;
			children = (
				1AC6FAE5180E9839004C840B /* cocos2d_libs.xcodeproj */,
				15AA9C4015B7EC450033D6C2 /* Classes */,
				29B97323FDCFA39411CA2CEA /* Frameworks */,
				080E96DDFE201D6D7F000001 /* ios */,
				503AE10617EB990700D1A890 /* mac */,
				19C28FACFE9D520D11CA2CBB /* Products */,
				78C7DDAA14EBA5050085D0C2 /* Resources */,
			);
			name = CustomTemplate;
			sourceTree = "<group>";
		};
		29B97323FDCFA39411CA2CEA /* Frameworks */ = {
			isa = PBXGroup;
			children = (
				D6B0611A1803AB670077942B /* CoreMotion.framework */,
				503AE11A17EB9C5A00D1A890 /* IOKit.framework */,
				503AE11117EB99EE00D1A890 /* libcurl.dylib */,
				5087E78A17EB975400C73F5D /* OpenGL.framework */,
				5087E78817EB974C00C73F5D /* AppKit.framework */,
				1ACB3243164770DE00914215 /* libcurl.a */,
				BF170DB412928DE900B8313A /* libz.dylib */,
				D44C620F132DFF4E0009C878 /* AudioToolbox.framework */,
				D44C620D132DFF430009C878 /* AVFoundation.framework */,
				288765A40DF7441C002DB57D /* CoreGraphics.framework */,
				1D30AB110D05D00D00671497 /* Foundation.framework */,
				D44C620B132DFF330009C878 /* OpenAL.framework */,
				BF170DB012928DE900B8313A /* OpenGLES.framework */,
				BF1C47EA1293683800B63C5D /* QuartzCore.framework */,
				1DF5F4DF0D08C38300B7A737 /* UIKit.framework */,
			);
			name = Frameworks;
			sourceTree = "<group>";
		};
		503AE0F517EB97AB00D1A890 /* Icons */ = {
			isa = PBXGroup;
			children = (
				503AE0F617EB97AB00D1A890 /* Icon.icns */,
				503AE0F717EB97AB00D1A890 /* Info.plist */,
			);
			name = Icons;
			path = mac;
			sourceTree = SOURCE_ROOT;
		};
		503AE10617EB990700D1A890 /* mac */ = {
			isa = PBXGroup;
			children = (
				503AE0F517EB97AB00D1A890 /* Icons */,
				503AE10317EB98FF00D1A890 /* main.cpp */,
				503AE10417EB98FF00D1A890 /* Prefix.pch */,
			);
			name = mac;
			sourceTree = "<group>";
		};
		5087E77117EB970100C73F5D /* Icons */ = {
			isa = PBXGroup;
			children = (
				5087E77217EB970100C73F5D /* Default-568h@2x.png */,
				5087E77317EB970100C73F5D /* Default.png */,
				5087E77417EB970100C73F5D /* Default@2x.png */,
				50EF62A017ECD613001EB2F8 /* Icon-29.png */,
				50EF62A117ECD613001EB2F8 /* Icon-50.png */,
				50EF629217ECD46A001EB2F8 /* Icon-40.png */,
				50EF629317ECD46A001EB2F8 /* Icon-58.png */,
				50EF629417ECD46A001EB2F8 /* Icon-80.png */,
				50EF629517ECD46A001EB2F8 /* Icon-100.png */,
				5087E77517EB970100C73F5D /* Icon-114.png */,
				5087E77617EB970100C73F5D /* Icon-120.png */,
				5087E77717EB970100C73F5D /* Icon-144.png */,
				5087E77817EB970100C73F5D /* Icon-152.png */,
				5087E77917EB970100C73F5D /* Icon-57.png */,
				5087E77A17EB970100C73F5D /* Icon-72.png */,
				5087E77B17EB970100C73F5D /* Icon-76.png */,
				5087E77C17EB970100C73F5D /* Info.plist */,
			);
			name = Icons;
			path = ios;
			sourceTree = SOURCE_ROOT;
		};
		78C7DDAA14EBA5050085D0C2 /* Resources */ = {
			isa = PBXGroup;
			children = (
				FAEFBE101952A4A200B7CB2D /* 03.tmx */,
				FAEFBE0D19528AB600B7CB2D /* 02.tmx */,
				FAEFBDD01951A0E300B7CB2D /* bullet1.png */,
				FAEFBDD11951A0E300B7CB2D /* hud.png */,
				FAEFBDE21951A1F300B7CB2D /* fire.wav */,
				FAEFBE381952BCB100B7CB2D /* 1.png */,
				FAEFBE391952BCB100B7CB2D /* 2.png */,
				FAEFBE3A1952BCB100B7CB2D /* 3.png */,
				FAEFBE3B1952BCB100B7CB2D /* 4.png */,
				FAEFBE3C1952BCB100B7CB2D /* 5.png */,
				FAEFBE3D1952BCB100B7CB2D /* 6.png */,
				FAEFBE3E1952BCB100B7CB2D /* 7.png */,
				FAEFBE3F1952BCB100B7CB2D /* 8.png */,
				FAEFBE401952BCB100B7CB2D /* 9.png */,
				FAEFBDD21951A0E300B7CB2D /* p1tankR.png */,
				FAEFBDD31951A0E300B7CB2D /* p1tankU.png */,
				FAEFBDDF1951A14E00B7CB2D /* 01.tmx */,
				FAEFBDD41951A0E300B7CB2D /* Range.png */,
				FAEFBDE81951A20300B7CB2D /* start.wav */,
				FAEFBDE51951A1F900B7CB2D /* hit.wav */,
				FAEFBDEB1951A21000B7CB2D /* blast.wav */,
				FAEFBD4319517D6800B7CB2D /* p1tankD41.png */,
				FAEFBD4619517D6E00B7CB2D /* p1tankD42.png */,
				FAEFBD3D1951778D00B7CB2D /* p1tankD31.png */,
				FAEFBD401951779700B7CB2D /* p1tankD32.png */,
				FAEFBD3119516F8300B7CB2D /* StartUi_1 */,
				FAEFBD1F1951675B00B7CB2D /* PlayUi_1.json */,
				FAEFBD1C1951631800B7CB2D /* bullet4.png */,
				FAEFBD16195161BA00B7CB2D /* bullet2.png */,
				FAEFBD131951616400B7CB2D /* bullet3.png */,
				FA9B6227194B1E4C0014F2D2 /* login_dbg.png */,
				FA3B1D9E194DB0AF004675DE /* OverUi_1 */,
				FA9B6224194AC2750014F2D2 /* loginbg.png */,
				FA9B622A194B40160014F2D2 /* win.png */,
				FA9B621E194A0F170014F2D2 /* blast7.png */,
				FAEFBDFA1951C78F00B7CB2D /* enemy1R.png */,
				FAEFBDF41951C6FB00B7CB2D /* enemy2R.png */,
				FAEFBDF71951C75700B7CB2D /* enemy3R.png */,
				FA9B621B194A0CF60014F2D2 /* p2tankR.png */,
				FA9B6216194A0C500014F2D2 /* p2tankU.png */,
				FAEFBD9D19519B6200B7CB2D /* symbol.png */,
				FAEFBDA319519B8C00B7CB2D /* enemy1L.png */,
				FAEFBD9A19519B4B00B7CB2D /* destroy.png */,
				FAEFBDA619519B9600B7CB2D /* enemy2L.png */,
				FAEFBDA919519B9D00B7CB2D /* enemy3L.png */,
				FAEFBDA019519B6F00B7CB2D /* over.png */,
				1AFAF8B916D35E4900DB1158 /* CloseNormal.png */,
				1AFAF8BA16D35E4900DB1158 /* CloseSelected.png */,
				1AFAF8BB16D35E4900DB1158 /* HelloWorld.png */,
			);
			name = Resources;
			path = ../Resources;
			sourceTree = "<group>";
		};
/* End PBXGroup section */

/* Begin PBXNativeTarget section */
		1D6058900D05DD3D006BFB54 /* MyGame iOS */ = {
			isa = PBXNativeTarget;
			buildConfigurationList = 1D6058960D05DD3E006BFB54 /* Build configuration list for PBXNativeTarget "MyGame iOS" */;
			buildPhases = (
				1D60588D0D05DD3D006BFB54 /* Resources */,
				1D60588E0D05DD3D006BFB54 /* Sources */,
				1D60588F0D05DD3D006BFB54 /* Frameworks */,
			);
			buildRules = (
			);
			dependencies = (
				1AC6FB25180E99E1004C840B /* PBXTargetDependency */,
				1AC6FB27180E99E1004C840B /* PBXTargetDependency */,
				1AC6FB29180E99E1004C840B /* PBXTargetDependency */,
				1AC6FB2B180E99E1004C840B /* PBXTargetDependency */,
				1AC6FB2D180E99E1004C840B /* PBXTargetDependency */,
			);
			name = "MyGame iOS";
			productName = iphone;
			productReference = 1D6058910D05DD3D006BFB54 /* MyGame iOS.app */;
			productType = "com.apple.product-type.application";
		};
		5087E73D17EB910900C73F5D /* MyGame Mac */ = {
			isa = PBXNativeTarget;
			buildConfigurationList = 5087E76C17EB910900C73F5D /* Build configuration list for PBXNativeTarget "MyGame Mac" */;
			buildPhases = (
				5087E74817EB910900C73F5D /* Resources */,
				5087E75617EB910900C73F5D /* Sources */,
				5087E75C17EB910900C73F5D /* Frameworks */,
			);
			buildRules = (
			);
			dependencies = (
				1AC6FB1E180E9963004C840B /* PBXTargetDependency */,
				1AC6FB16180E9959004C840B /* PBXTargetDependency */,
				1AC6FB18180E9959004C840B /* PBXTargetDependency */,
				1AC6FB1A180E9959004C840B /* PBXTargetDependency */,
				1AC6FB1C180E9959004C840B /* PBXTargetDependency */,
			);
			name = "MyGame Mac";
			productName = iphone;
			productReference = 5087E76F17EB910900C73F5D /* MyGame Mac.app */;
			productType = "com.apple.product-type.application";
		};
/* End PBXNativeTarget section */

/* Begin PBXProject section */
		29B97313FDCFA39411CA2CEA /* Project object */ = {
			isa = PBXProject;
			attributes = {
				LastUpgradeCheck = 0500;
				TargetAttributes = {
					1D6058900D05DD3D006BFB54 = {
						DevelopmentTeam = MDDB52YB8L;
					};
				};
			};
			buildConfigurationList = C01FCF4E08A954540054247B /* Build configuration list for PBXProject "MyGame" */;
			compatibilityVersion = "Xcode 3.2";
			developmentRegion = English;
			hasScannedForEncodings = 1;
			knownRegions = (
				English,
				Japanese,
				French,
				German,
			);
			mainGroup = 29B97314FDCFA39411CA2CEA /* CustomTemplate */;
			projectDirPath = "";
			projectReferences = (
				{
					ProductGroup = 1AC6FAE6180E9839004C840B /* Products */;
					ProjectRef = 1AC6FAE5180E9839004C840B /* cocos2d_libs.xcodeproj */;
				},
			);
			projectRoot = "";
			targets = (
				1D6058900D05DD3D006BFB54 /* MyGame iOS */,
				5087E73D17EB910900C73F5D /* MyGame Mac */,
			);
		};
/* End PBXProject section */

/* Begin PBXReferenceProxy section */
		1AC6FAF9180E9839004C840B /* libcocos2dx Mac.a */ = {
			isa = PBXReferenceProxy;
			fileType = archive.ar;
			path = "libcocos2dx Mac.a";
			remoteRef = 1AC6FAF8180E9839004C840B /* PBXContainerItemProxy */;
			sourceTree = BUILT_PRODUCTS_DIR;
		};
		1AC6FAFB180E9839004C840B /* libcocos2dx-extensions Mac.a */ = {
			isa = PBXReferenceProxy;
			fileType = archive.ar;
			path = "libcocos2dx-extensions Mac.a";
			remoteRef = 1AC6FAFA180E9839004C840B /* PBXContainerItemProxy */;
			sourceTree = BUILT_PRODUCTS_DIR;
		};
		1AC6FAFD180E9839004C840B /* libchipmunk Mac.a */ = {
			isa = PBXReferenceProxy;
			fileType = archive.ar;
			path = "libchipmunk Mac.a";
			remoteRef = 1AC6FAFC180E9839004C840B /* PBXContainerItemProxy */;
			sourceTree = BUILT_PRODUCTS_DIR;
		};
		1AC6FAFF180E9839004C840B /* libbox2d Mac.a */ = {
			isa = PBXReferenceProxy;
			fileType = archive.ar;
			path = "libbox2d Mac.a";
			remoteRef = 1AC6FAFE180E9839004C840B /* PBXContainerItemProxy */;
			sourceTree = BUILT_PRODUCTS_DIR;
		};
		1AC6FB01180E9839004C840B /* libCocosDenshion Mac.a */ = {
			isa = PBXReferenceProxy;
			fileType = archive.ar;
			path = "libCocosDenshion Mac.a";
			remoteRef = 1AC6FB00180E9839004C840B /* PBXContainerItemProxy */;
			sourceTree = BUILT_PRODUCTS_DIR;
		};
		1AC6FB07180E9839004C840B /* libcocos2dx iOS.a */ = {
			isa = PBXReferenceProxy;
			fileType = archive.ar;
			path = "libcocos2dx iOS.a";
			remoteRef = 1AC6FB06180E9839004C840B /* PBXContainerItemProxy */;
			sourceTree = BUILT_PRODUCTS_DIR;
		};
		1AC6FB09180E9839004C840B /* libcocos2dx-extensions iOS.a */ = {
			isa = PBXReferenceProxy;
			fileType = archive.ar;
			path = "libcocos2dx-extensions iOS.a";
			remoteRef = 1AC6FB08180E9839004C840B /* PBXContainerItemProxy */;
			sourceTree = BUILT_PRODUCTS_DIR;
		};
		1AC6FB0B180E9839004C840B /* libchipmunk iOS.a */ = {
			isa = PBXReferenceProxy;
			fileType = archive.ar;
			path = "libchipmunk iOS.a";
			remoteRef = 1AC6FB0A180E9839004C840B /* PBXContainerItemProxy */;
			sourceTree = BUILT_PRODUCTS_DIR;
		};
		1AC6FB0D180E9839004C840B /* libbox2d iOS.a */ = {
			isa = PBXReferenceProxy;
			fileType = archive.ar;
			path = "libbox2d iOS.a";
			remoteRef = 1AC6FB0C180E9839004C840B /* PBXContainerItemProxy */;
			sourceTree = BUILT_PRODUCTS_DIR;
		};
		1AC6FB0F180E9839004C840B /* libCocosDenshion iOS.a */ = {
			isa = PBXReferenceProxy;
			fileType = archive.ar;
			path = "libCocosDenshion iOS.a";
			remoteRef = 1AC6FB0E180E9839004C840B /* PBXContainerItemProxy */;
			sourceTree = BUILT_PRODUCTS_DIR;
		};
/* End PBXReferenceProxy section */

/* Begin PBXResourcesBuildPhase section */
		1D60588D0D05DD3D006BFB54 /* Resources */ = {
			isa = PBXResourcesBuildPhase;
			buildActionMask = 2147483647;
			files = (
				FAEFBE111952A4A200B7CB2D /* 03.tmx in Resources */,
				FA9B622B194B40160014F2D2 /* win.png in Resources */,
				FAEFBE431952BCB100B7CB2D /* 2.png in Resources */,
				5087E78117EB970100C73F5D /* Icon-120.png in Resources */,
				5087E78617EB970100C73F5D /* Icon-76.png in Resources */,
				5087E77F17EB970100C73F5D /* Default@2x.png in Resources */,
				50EF629917ECD46A001EB2F8 /* Icon-100.png in Resources */,
				FAEFBDE01951A14E00B7CB2D /* 01.tmx in Resources */,
				FAEFBDA719519B9600B7CB2D /* enemy2L.png in Resources */,
				1AFAF8BC16D35E4900DB1158 /* CloseNormal.png in Resources */,
				5087E78317EB970100C73F5D /* Icon-152.png in Resources */,
				FA9B6217194A0C500014F2D2 /* p2tankU.png in Resources */,
				FAEFBD17195161BA00B7CB2D /* bullet2.png in Resources */,
				FAEFBDF51951C6FB00B7CB2D /* enemy2R.png in Resources */,
				5087E77D17EB970100C73F5D /* Default-568h@2x.png in Resources */,
				FAEFBDDB1951A0E300B7CB2D /* p1tankU.png in Resources */,
				FAEFBDE91951A20300B7CB2D /* start.wav in Resources */,
				5087E78517EB970100C73F5D /* Icon-72.png in Resources */,
				FAEFBDAA19519B9D00B7CB2D /* enemy3L.png in Resources */,
				1AFAF8BD16D35E4900DB1158 /* CloseSelected.png in Resources */,
				FA9B621F194A0F170014F2D2 /* blast7.png in Resources */,
				50EF62A317ECD613001EB2F8 /* Icon-50.png in Resources */,
				FAEFBE451952BCB100B7CB2D /* 3.png in Resources */,
				FAEFBD3E1951778D00B7CB2D /* p1tankD31.png in Resources */,
				FAEFBD1D1951631800B7CB2D /* bullet4.png in Resources */,
				FAEFBD201951675B00B7CB2D /* PlayUi_1.json in Resources */,
				FAEFBD9B19519B4B00B7CB2D /* destroy.png in Resources */,
				FAEFBDFB1951C78F00B7CB2D /* enemy1R.png in Resources */,
				5087E78017EB970100C73F5D /* Icon-114.png in Resources */,
				FAEFBE491952BCB100B7CB2D /* 5.png in Resources */,
				FAEFBE411952BCB100B7CB2D /* 1.png in Resources */,
				FAEFBD141951616400B7CB2D /* bullet3.png in Resources */,
				FAEFBD3219516F8300B7CB2D /* StartUi_1 in Resources */,
				FA9B621C194A0CF60014F2D2 /* p2tankR.png in Resources */,
				FAEFBDA119519B6F00B7CB2D /* over.png in Resources */,
				1AFAF8BE16D35E4900DB1158 /* HelloWorld.png in Resources */,
				50EF62A217ECD613001EB2F8 /* Icon-29.png in Resources */,
				FAEFBDD51951A0E300B7CB2D /* bullet1.png in Resources */,
				FAEFBDDD1951A0E300B7CB2D /* Range.png in Resources */,
				50EF629617ECD46A001EB2F8 /* Icon-40.png in Resources */,
				FA3B1D9F194DB0AF004675DE /* OverUi_1 in Resources */,
				FA9B6225194AC2750014F2D2 /* loginbg.png in Resources */,
				FAEFBD411951779700B7CB2D /* p1tankD32.png in Resources */,
				FAEFBE511952BCB100B7CB2D /* 9.png in Resources */,
				FAEFBDA419519B8C00B7CB2D /* enemy1L.png in Resources */,
				FAEFBE4B1952BCB100B7CB2D /* 6.png in Resources */,
				FAEFBE4D1952BCB100B7CB2D /* 7.png in Resources */,
				FAEFBE0E19528AB600B7CB2D /* 02.tmx in Resources */,
				5087E78217EB970100C73F5D /* Icon-144.png in Resources */,
				FAEFBE4F1952BCB100B7CB2D /* 8.png in Resources */,
				50EF629817ECD46A001EB2F8 /* Icon-80.png in Resources */,
				FAEFBDEC1951A21000B7CB2D /* blast.wav in Resources */,
				5087E78417EB970100C73F5D /* Icon-57.png in Resources */,
				FAEFBE471952BCB100B7CB2D /* 4.png in Resources */,
				FAEFBDE31951A1F300B7CB2D /* fire.wav in Resources */,
				5087E77E17EB970100C73F5D /* Default.png in Resources */,
				FAEFBD4719517D6E00B7CB2D /* p1tankD42.png in Resources */,
				FAEFBD4419517D6800B7CB2D /* p1tankD41.png in Resources */,
				FAEFBDD91951A0E300B7CB2D /* p1tankR.png in Resources */,
				FAEFBDD71951A0E300B7CB2D /* hud.png in Resources */,
				FAEFBDE61951A1F900B7CB2D /* hit.wav in Resources */,
				FAEFBDF81951C75700B7CB2D /* enemy3R.png in Resources */,
				FA9B6228194B1E4C0014F2D2 /* login_dbg.png in Resources */,
				FAEFBD9E19519B6200B7CB2D /* symbol.png in Resources */,
				50EF629717ECD46A001EB2F8 /* Icon-58.png in Resources */,
			);
			runOnlyForDeploymentPostprocessing = 0;
		};
		5087E74817EB910900C73F5D /* Resources */ = {
			isa = PBXResourcesBuildPhase;
			buildActionMask = 2147483647;
			files = (
				FAEFBDE71951A1F900B7CB2D /* hit.wav in Resources */,
				FAEFBD211951675B00B7CB2D /* PlayUi_1.json in Resources */,
				FAEFBDED1951A21000B7CB2D /* blast.wav in Resources */,
				5087E75317EB910900C73F5D /* CloseNormal.png in Resources */,
				FAEFBDD61951A0E300B7CB2D /* bullet1.png in Resources */,
				FAEFBD9F19519B6200B7CB2D /* symbol.png in Resources */,
				FAEFBD3F1951778D00B7CB2D /* p1tankD31.png in Resources */,
				FA9B6220194A0F170014F2D2 /* blast7.png in Resources */,
				FAEFBD4519517D6800B7CB2D /* p1tankD41.png in Resources */,
				FAEFBE441952BCB100B7CB2D /* 2.png in Resources */,
				FAEFBDEA1951A20300B7CB2D /* start.wav in Resources */,
				FAEFBE461952BCB100B7CB2D /* 3.png in Resources */,
				FA3B1DA0194DB0AF004675DE /* OverUi_1 in Resources */,
				FA9B6218194A0C500014F2D2 /* p2tankU.png in Resources */,
				FAEFBDF91951C75700B7CB2D /* enemy3R.png in Resources */,
				FAEFBE4E1952BCB100B7CB2D /* 7.png in Resources */,
				FAEFBDF61951C6FB00B7CB2D /* enemy2R.png in Resources */,
				FAEFBD421951779700B7CB2D /* p1tankD32.png in Resources */,
				FAEFBD4819517D6E00B7CB2D /* p1tankD42.png in Resources */,
				FAEFBE481952BCB100B7CB2D /* 4.png in Resources */,
				FAEFBDA819519B9600B7CB2D /* enemy2L.png in Resources */,
				FAEFBD3319516F8300B7CB2D /* StartUi_1 in Resources */,
				503AE0F817EB97AB00D1A890 /* Icon.icns in Resources */,
				5087E75417EB910900C73F5D /* CloseSelected.png in Resources */,
				FAEFBDDA1951A0E300B7CB2D /* p1tankR.png in Resources */,
				FAEFBE4C1952BCB100B7CB2D /* 6.png in Resources */,
				FA9B6226194AC2750014F2D2 /* loginbg.png in Resources */,
				FAEFBE4A1952BCB100B7CB2D /* 5.png in Resources */,
				FAEFBDA219519B6F00B7CB2D /* over.png in Resources */,
				FAEFBE121952A4A200B7CB2D /* 03.tmx in Resources */,
				FAEFBD9C19519B4B00B7CB2D /* destroy.png in Resources */,
				5087E75517EB910900C73F5D /* HelloWorld.png in Resources */,
				FA9B6229194B1E4C0014F2D2 /* login_dbg.png in Resources */,
				FAEFBE421952BCB100B7CB2D /* 1.png in Resources */,
				FAEFBDDE1951A0E300B7CB2D /* Range.png in Resources */,
				FAEFBDDC1951A0E300B7CB2D /* p1tankU.png in Resources */,
				FAEFBDE41951A1F300B7CB2D /* fire.wav in Resources */,
				FAEFBDFC1951C78F00B7CB2D /* enemy1R.png in Resources */,
				FAEFBDE11951A14E00B7CB2D /* 01.tmx in Resources */,
				FA9B622C194B40160014F2D2 /* win.png in Resources */,
				FA9B621D194A0CF60014F2D2 /* p2tankR.png in Resources */,
				FAEFBD1E1951631800B7CB2D /* bullet4.png in Resources */,
				FAEFBDAB19519B9D00B7CB2D /* enemy3L.png in Resources */,
				FAEFBE521952BCB100B7CB2D /* 9.png in Resources */,
				FAEFBD18195161BA00B7CB2D /* bullet2.png in Resources */,
				FAEFBD151951616400B7CB2D /* bullet3.png in Resources */,
				FAEFBE0F19528AB600B7CB2D /* 02.tmx in Resources */,
				FAEFBDA519519B8C00B7CB2D /* enemy1L.png in Resources */,
				FAEFBDD81951A0E300B7CB2D /* hud.png in Resources */,
				FAEFBE501952BCB100B7CB2D /* 8.png in Resources */,
			);
			runOnlyForDeploymentPostprocessing = 0;
		};
/* End PBXResourcesBuildPhase section */

/* Begin PBXSourcesBuildPhase section */
		1D60588E0D05DD3D006BFB54 /* Sources */ = {
			isa = PBXSourcesBuildPhase;
			buildActionMask = 2147483647;
			files = (
				FADF808819386C9F007FE3ED /* Projectile.cpp in Sources */,
				503AE10017EB989F00D1A890 /* AppController.mm in Sources */,
				FADF8192193CE645007FE3ED /* Home.cpp in Sources */,
				FADF808419386C85007FE3ED /* GameHud.cpp in Sources */,
				FADF807C19386C04007FE3ED /* Creep.cpp in Sources */,
				503AE10217EB989F00D1A890 /* RootViewController.mm in Sources */,
				FADF808019386C57007FE3ED /* DataModel.cpp in Sources */,
				1AFAF8B716D35DE700DB1158 /* AppDelegate.cpp in Sources */,
				FAEFBE151952A59D00B7CB2D /* ThirdScene.cpp in Sources */,
				FADF809019386CF3007FE3ED /* Tower.cpp in Sources */,
				FADF807419386B95007FE3ED /* Wave.cpp in Sources */,
				FAEFBDFF1951C8EE00B7CB2D /* SecondScene.cpp in Sources */,
				FAAD0512193732990008CD73 /* StartScene.cpp in Sources */,
				FADF8097193870C9007FE3ED /* WayPoint.cpp in Sources */,
				503AE10117EB989F00D1A890 /* main.m in Sources */,
				1AFAF8B816D35DE700DB1158 /* HelloWorldScene.cpp in Sources */,
			);
			runOnlyForDeploymentPostprocessing = 0;
		};
		5087E75617EB910900C73F5D /* Sources */ = {
			isa = PBXSourcesBuildPhase;
			buildActionMask = 2147483647;
			files = (
				FADF8098193870C9007FE3ED /* WayPoint.cpp in Sources */,
				5087E75717EB910900C73F5D /* AppDelegate.cpp in Sources */,
				FADF807D19386C04007FE3ED /* Creep.cpp in Sources */,
				FADF808119386C57007FE3ED /* DataModel.cpp in Sources */,
				FADF809119386CF3007FE3ED /* Tower.cpp in Sources */,
				5087E75817EB910900C73F5D /* HelloWorldScene.cpp in Sources */,
				FADF8193193CE645007FE3ED /* Home.cpp in Sources */,
				503AE10517EB98FF00D1A890 /* main.cpp in Sources */,
				FAEFBE161952A59D00B7CB2D /* ThirdScene.cpp in Sources */,
				FADF808919386C9F007FE3ED /* Projectile.cpp in Sources */,
				FAAD0513193732990008CD73 /* StartScene.cpp in Sources */,
				FAEFBE001951C8EE00B7CB2D /* SecondScene.cpp in Sources */,
				FADF807519386B95007FE3ED /* Wave.cpp in Sources */,
				FADF808519386C85007FE3ED /* GameHud.cpp in Sources */,
			);
			runOnlyForDeploymentPostprocessing = 0;
		};
/* End PBXSourcesBuildPhase section */

/* Begin PBXTargetDependency section */
		1AC6FB16180E9959004C840B /* PBXTargetDependency */ = {
			isa = PBXTargetDependency;
			name = "cocos2dx Mac";
			targetProxy = 1AC6FB15180E9959004C840B /* PBXContainerItemProxy */;
		};
		1AC6FB18180E9959004C840B /* PBXTargetDependency */ = {
			isa = PBXTargetDependency;
			name = "cocos2dx-extensions Mac";
			targetProxy = 1AC6FB17180E9959004C840B /* PBXContainerItemProxy */;
		};
		1AC6FB1A180E9959004C840B /* PBXTargetDependency */ = {
			isa = PBXTargetDependency;
			name = "chipmunk Mac";
			targetProxy = 1AC6FB19180E9959004C840B /* PBXContainerItemProxy */;
		};
		1AC6FB1C180E9959004C840B /* PBXTargetDependency */ = {
			isa = PBXTargetDependency;
			name = "CocosDenshion Mac";
			targetProxy = 1AC6FB1B180E9959004C840B /* PBXContainerItemProxy */;
		};
		1AC6FB1E180E9963004C840B /* PBXTargetDependency */ = {
			isa = PBXTargetDependency;
			name = "box2d Mac";
			targetProxy = 1AC6FB1D180E9963004C840B /* PBXContainerItemProxy */;
		};
		1AC6FB25180E99E1004C840B /* PBXTargetDependency */ = {
			isa = PBXTargetDependency;
			name = "cocos2dx iOS";
			targetProxy = 1AC6FB24180E99E1004C840B /* PBXContainerItemProxy */;
		};
		1AC6FB27180E99E1004C840B /* PBXTargetDependency */ = {
			isa = PBXTargetDependency;
			name = "cocos2dx-extensions iOS";
			targetProxy = 1AC6FB26180E99E1004C840B /* PBXContainerItemProxy */;
		};
		1AC6FB29180E99E1004C840B /* PBXTargetDependency */ = {
			isa = PBXTargetDependency;
			name = "chipmunk iOS";
			targetProxy = 1AC6FB28180E99E1004C840B /* PBXContainerItemProxy */;
		};
		1AC6FB2B180E99E1004C840B /* PBXTargetDependency */ = {
			isa = PBXTargetDependency;
			name = "box2d iOS";
			targetProxy = 1AC6FB2A180E99E1004C840B /* PBXContainerItemProxy */;
		};
		1AC6FB2D180E99E1004C840B /* PBXTargetDependency */ = {
			isa = PBXTargetDependency;
			name = "CocosDenshion iOS";
			targetProxy = 1AC6FB2C180E99E1004C840B /* PBXContainerItemProxy */;
		};
/* End PBXTargetDependency section */

/* Begin XCBuildConfiguration section */
		1D6058940D05DD3E006BFB54 /* Debug */ = {
			isa = XCBuildConfiguration;
			buildSettings = {
				ALWAYS_SEARCH_USER_PATHS = YES;
				CODE_SIGN_IDENTITY = "iPhone Developer";
				COMPRESS_PNG_FILES = NO;
				GCC_DYNAMIC_NO_PIC = NO;
				GCC_INLINES_ARE_PRIVATE_EXTERN = NO;
				GCC_PRECOMPILE_PREFIX_HEADER = YES;
				GCC_PREFIX_HEADER = ios/Prefix.pch;
				GCC_PREPROCESSOR_DEFINITIONS = (
					USE_FILE32API,
					CC_TARGET_OS_IPHONE,
					"COCOS2D_DEBUG=1",
					"CC_ENABLE_CHIPMUNK_INTEGRATION=1",
				);
				GCC_SYMBOLS_PRIVATE_EXTERN = NO;
				HEADER_SEARCH_PATHS = (
					"$(inherited)",
					"$(SRCROOT)/../cocos2d/cocos/2d/platform/ios",
					"$(SRCROOT)/../cocos2d/cocos/2d/platform/ios/Simulation",
				);
				INFOPLIST_FILE = ios/Info.plist;
				IPHONEOS_DEPLOYMENT_TARGET = 5.0;
				LIBRARY_SEARCH_PATHS = "";
				SDKROOT = iphoneos;
				TARGETED_DEVICE_FAMILY = "1,2";
				USER_HEADER_SEARCH_PATHS = "";
			};
			name = Debug;
		};
		1D6058950D05DD3E006BFB54 /* Release */ = {
			isa = XCBuildConfiguration;
			buildSettings = {
				ALWAYS_SEARCH_USER_PATHS = YES;
				CODE_SIGN_IDENTITY = "iPhone Developer";
				COMPRESS_PNG_FILES = NO;
				GCC_INLINES_ARE_PRIVATE_EXTERN = NO;
				GCC_PRECOMPILE_PREFIX_HEADER = YES;
				GCC_PREFIX_HEADER = ios/Prefix.pch;
				GCC_PREPROCESSOR_DEFINITIONS = (
					USE_FILE32API,
					CC_TARGET_OS_IPHONE,
					"CC_ENABLE_CHIPMUNK_INTEGRATION=1",
				);
				GCC_SYMBOLS_PRIVATE_EXTERN = NO;
				HEADER_SEARCH_PATHS = (
					"$(inherited)",
					"$(SRCROOT)/../cocos2d/cocos/2d/platform/ios",
					"$(SRCROOT)/../cocos2d/cocos/2d/platform/ios/Simulation",
				);
				INFOPLIST_FILE = ios/Info.plist;
				IPHONEOS_DEPLOYMENT_TARGET = 5.0;
				LIBRARY_SEARCH_PATHS = "";
				SDKROOT = iphoneos;
				TARGETED_DEVICE_FAMILY = "1,2";
				USER_HEADER_SEARCH_PATHS = "";
			};
			name = Release;
		};
		5087E76D17EB910900C73F5D /* Debug */ = {
			isa = XCBuildConfiguration;
			buildSettings = {
				ALWAYS_SEARCH_USER_PATHS = YES;
				ARCHS = "$(ARCHS_STANDARD_64_BIT)";
				CLANG_CXX_LANGUAGE_STANDARD = "c++0x";
				CLANG_CXX_LIBRARY = "libc++";
				GCC_DYNAMIC_NO_PIC = NO;
				GCC_INLINES_ARE_PRIVATE_EXTERN = NO;
				GCC_PRECOMPILE_PREFIX_HEADER = YES;
				GCC_PREFIX_HEADER = mac/Prefix.pch;
				GCC_PREPROCESSOR_DEFINITIONS = (
					USE_FILE32API,
					CC_TARGET_OS_MAC,
					"COCOS2D_DEBUG=1",
					"CC_ENABLE_CHIPMUNK_INTEGRATION=1",
				);
				GCC_SYMBOLS_PRIVATE_EXTERN = NO;
				HEADER_SEARCH_PATHS = (
					"$(inherited)",
					"$(SRCROOT)/../cocos2d/cocos/2d/platform/mac",
					"$(SRCROOT)/../cocos2d/external/glfw3/include/mac",
				);
				INFOPLIST_FILE = mac/Info.plist;
				LIBRARY_SEARCH_PATHS = "";
				USER_HEADER_SEARCH_PATHS = "";
			};
			name = Debug;
		};
		5087E76E17EB910900C73F5D /* Release */ = {
			isa = XCBuildConfiguration;
			buildSettings = {
				ALWAYS_SEARCH_USER_PATHS = YES;
				ARCHS = "$(ARCHS_STANDARD_64_BIT)";
				CLANG_CXX_LANGUAGE_STANDARD = "c++0x";
				CLANG_CXX_LIBRARY = "libc++";
				GCC_INLINES_ARE_PRIVATE_EXTERN = NO;
				GCC_PRECOMPILE_PREFIX_HEADER = YES;
				GCC_PREFIX_HEADER = mac/Prefix.pch;
				GCC_PREPROCESSOR_DEFINITIONS = (
					USE_FILE32API,
					CC_TARGET_OS_MAC,
					"CC_ENABLE_CHIPMUNK_INTEGRATION=1",
				);
				GCC_SYMBOLS_PRIVATE_EXTERN = NO;
				HEADER_SEARCH_PATHS = (
					"$(inherited)",
					"$(SRCROOT)/../cocos2d/cocos/2d/platform/mac",
					"$(SRCROOT)/../cocos2d/external/glfw3/include/mac",
				);
				INFOPLIST_FILE = mac/Info.plist;
				LIBRARY_SEARCH_PATHS = "";
				USER_HEADER_SEARCH_PATHS = "";
			};
			name = Release;
		};
		C01FCF4F08A954540054247B /* Debug */ = {
			isa = XCBuildConfiguration;
			buildSettings = {
				CLANG_CXX_LANGUAGE_STANDARD = "c++0x";
				CLANG_CXX_LIBRARY = "libc++";
				COPY_PHASE_STRIP = NO;
				GCC_OPTIMIZATION_LEVEL = 0;
				GCC_WARN_ABOUT_RETURN_TYPE = YES;
				GCC_WARN_UNUSED_VARIABLE = YES;
				HEADER_SEARCH_PATHS = (
					"$(SRCROOT)/../cocos2d",
					"$(SRCROOT)/../cocos2d/cocos",
					"$(SRCROOT)/../cocos2d/cocos/base",
					"$(SRCROOT)/../cocos2d/cocos/physics",
					"$(SRCROOT)/../cocos2d/cocos/math/kazmath",
					"$(SRCROOT)/../cocos2d/cocos/2d",
					"$(SRCROOT)/../cocos2d/cocos/ui",
					"$(SRCROOT)/../cocos2d/cocos/network",
					"$(SRCROOT)/../cocos2d/cocos/audio/include",
					"$(SRCROOT)/../cocos2d/cocos/editor-support",
					"$(SRCROOT)/../cocos2d/extensions",
					"$(SRCROOT)/../cocos2d/external",
					"$(SRCROOT)/../cocos2d/external/chipmunk/include/chipmunk",
				);
				ONLY_ACTIVE_ARCH = YES;
				PRODUCT_NAME = "$(TARGET_NAME)";
				SDKROOT = macosx;
			};
			name = Debug;
		};
		C01FCF5008A954540054247B /* Release */ = {
			isa = XCBuildConfiguration;
			buildSettings = {
				CLANG_CXX_LANGUAGE_STANDARD = "c++0x";
				CLANG_CXX_LIBRARY = "libc++";
				GCC_WARN_ABOUT_RETURN_TYPE = YES;
				GCC_WARN_UNUSED_VARIABLE = YES;
				HEADER_SEARCH_PATHS = (
					"$(SRCROOT)/../cocos2d",
					"$(SRCROOT)/../cocos2d/cocos",
					"$(SRCROOT)/../cocos2d/cocos/base",
					"$(SRCROOT)/../cocos2d/cocos/physics",
					"$(SRCROOT)/../cocos2d/cocos/math/kazmath",
					"$(SRCROOT)/../cocos2d/cocos/2d",
					"$(SRCROOT)/../cocos2d/cocos/ui",
					"$(SRCROOT)/../cocos2d/cocos/network",
					"$(SRCROOT)/../cocos2d/cocos/audio/include",
					"$(SRCROOT)/../cocos2d/cocos/editor-support",
					"$(SRCROOT)/../cocos2d/extensions",
					"$(SRCROOT)/../cocos2d/external",
					"$(SRCROOT)/../cocos2d/external/chipmunk/include/chipmunk",
				);
				OTHER_CFLAGS = "-DNS_BLOCK_ASSERTIONS=1";
				PRODUCT_NAME = "$(TARGET_NAME)";
				SDKROOT = macosx;
				VALIDATE_PRODUCT = YES;
			};
			name = Release;
		};
/* End XCBuildConfiguration section */

/* Begin XCConfigurationList section */
		1D6058960D05DD3E006BFB54 /* Build configuration list for PBXNativeTarget "MyGame iOS" */ = {
			isa = XCConfigurationList;
			buildConfigurations = (
				1D6058940D05DD3E006BFB54 /* Debug */,
				1D6058950D05DD3E006BFB54 /* Release */,
			);
			defaultConfigurationIsVisible = 0;
			defaultConfigurationName = Debug;
		};
		5087E76C17EB910900C73F5D /* Build configuration list for PBXNativeTarget "MyGame Mac" */ = {
			isa = XCConfigurationList;
			buildConfigurations = (
				5087E76D17EB910900C73F5D /* Debug */,
				5087E76E17EB910900C73F5D /* Release */,
			);
			defaultConfigurationIsVisible = 0;
			defaultConfigurationName = Debug;
		};
		C01FCF4E08A954540054247B /* Build configuration list for PBXProject "MyGame" */ = {
			isa = XCConfigurationList;
			buildConfigurations = (
				C01FCF4F08A954540054247B /* Debug */,
				C01FCF5008A954540054247B /* Release */,
			);
			defaultConfigurationIsVisible = 0;
			defaultConfigurationName = Debug;
		};
/* End XCConfigurationList section */
	};
	rootObject = 29B97313FDCFA39411CA2CEA /* Project object */;
}
